{
  "version": 4,
  "terraform_version": "1.1.4",
  "serial": 131,
  "lineage": "522da408-b049-437f-8c86-0a9614a5f2c8",
  "outputs": {
    "external_ip_address_node01": {
      "value": "62.84.126.118",
      "type": "string"
    },
    "external_ip_address_node02": {
      "value": "84.252.129.78",
      "type": "string"
    },
    "external_ip_address_node03": {
      "value": "130.193.51.121",
      "type": "string"
    },
    "external_ip_address_node04": {
      "value": "84.201.157.158",
      "type": "string"
    },
    "external_ip_address_node05": {
      "value": "130.193.49.253",
      "type": "string"
    },
    "external_ip_address_node06": {
      "value": "84.201.134.6",
      "type": "string"
    },
    "internal_ip_address_node01": {
      "value": "192.168.101.11",
      "type": "string"
    },
    "internal_ip_address_node02": {
      "value": "192.168.101.12",
      "type": "string"
    },
    "internal_ip_address_node03": {
      "value": "192.168.101.13",
      "type": "string"
    },
    "internal_ip_address_node04": {
      "value": "192.168.101.14",
      "type": "string"
    },
    "internal_ip_address_node05": {
      "value": "192.168.101.15",
      "type": "string"
    },
    "internal_ip_address_node06": {
      "value": "192.168.101.16",
      "type": "string"
    }
  },
  "resources": [
    {
      "mode": "managed",
      "type": "local_file",
      "name": "inventory",
      "provider": "provider[\"registry.terraform.io/hashicorp/local\"]",
      "instances": [
        {
          "schema_version": 0,
          "attributes": {
            "content": "# Ansible inventory containing variable values from Terraform.\n# Generated by Terraform.\n\n[nodes:children]\nmanagers\nworkers\n\n[managers:children]\nactive\nstandby\n\n[active]\nnode01.netology.yc ansible_host=62.84.126.118\n\n[standby]\nnode02.netology.yc ansible_host=84.252.129.78\nnode03.netology.yc ansible_host=130.193.51.121\n\n[workers]\nnode04.netology.yc ansible_host=84.201.157.158\nnode05.netology.yc ansible_host=130.193.49.253\nnode06.netology.yc ansible_host=84.201.134.6\n",
            "content_base64": null,
            "directory_permission": "0777",
            "file_permission": "0777",
            "filename": "../ansible/inventory",
            "id": "64f80134b4d36a60c64b1225f982b6997ed5fd49",
            "sensitive_content": null,
            "source": null
          },
          "sensitive_attributes": [],
          "private": "bnVsbA==",
          "dependencies": [
            "yandex_compute_instance.node01",
            "yandex_compute_instance.node02",
            "yandex_compute_instance.node03",
            "yandex_compute_instance.node04",
            "yandex_compute_instance.node05",
            "yandex_compute_instance.node06",
            "yandex_vpc_network.default",
            "yandex_vpc_subnet.default"
          ]
        }
      ]
    },
    {
      "mode": "managed",
      "type": "null_resource",
      "name": "cluster",
      "provider": "provider[\"registry.terraform.io/hashicorp/null\"]",
      "instances": [
        {
          "schema_version": 0,
          "attributes": {
            "id": "7526190861691847739",
            "triggers": null
          },
          "sensitive_attributes": [],
          "private": "bnVsbA==",
          "dependencies": [
            "local_file.inventory",
            "null_resource.wait",
            "yandex_compute_instance.node01",
            "yandex_compute_instance.node02",
            "yandex_compute_instance.node03",
            "yandex_compute_instance.node04",
            "yandex_compute_instance.node05",
            "yandex_compute_instance.node06",
            "yandex_vpc_network.default",
            "yandex_vpc_subnet.default"
          ]
        }
      ]
    },
    {
      "mode": "managed",
      "type": "null_resource",
      "name": "monitoring",
      "provider": "provider[\"registry.terraform.io/hashicorp/null\"]",
      "instances": [
        {
          "schema_version": 0,
          "attributes": {
            "id": "8040988361436259436",
            "triggers": null
          },
          "sensitive_attributes": [],
          "private": "bnVsbA==",
          "dependencies": [
            "local_file.inventory",
            "null_resource.cluster",
            "null_resource.sync",
            "null_resource.wait",
            "yandex_compute_instance.node01",
            "yandex_compute_instance.node02",
            "yandex_compute_instance.node03",
            "yandex_compute_instance.node04",
            "yandex_compute_instance.node05",
            "yandex_compute_instance.node06",
            "yandex_vpc_network.default",
            "yandex_vpc_subnet.default"
          ]
        }
      ]
    },
    {
      "mode": "managed",
      "type": "null_resource",
      "name": "sync",
      "provider": "provider[\"registry.terraform.io/hashicorp/null\"]",
      "instances": [
        {
          "schema_version": 0,
          "attributes": {
            "id": "6979608797483551835",
            "triggers": null
          },
          "sensitive_attributes": [],
          "private": "bnVsbA==",
          "dependencies": [
            "local_file.inventory",
            "null_resource.cluster",
            "null_resource.wait",
            "yandex_compute_instance.node01",
            "yandex_compute_instance.node02",
            "yandex_compute_instance.node03",
            "yandex_compute_instance.node04",
            "yandex_compute_instance.node05",
            "yandex_compute_instance.node06",
            "yandex_vpc_network.default",
            "yandex_vpc_subnet.default"
          ]
        }
      ]
    },
    {
      "mode": "managed",
      "type": "null_resource",
      "name": "wait",
      "provider": "provider[\"registry.terraform.io/hashicorp/null\"]",
      "instances": [
        {
          "schema_version": 0,
          "attributes": {
            "id": "6906556018498042580",
            "triggers": null
          },
          "sensitive_attributes": [],
          "private": "bnVsbA==",
          "dependencies": [
            "local_file.inventory",
            "yandex_compute_instance.node01",
            "yandex_compute_instance.node02",
            "yandex_compute_instance.node03",
            "yandex_compute_instance.node04",
            "yandex_compute_instance.node05",
            "yandex_compute_instance.node06",
            "yandex_vpc_network.default",
            "yandex_vpc_subnet.default"
          ]
        }
      ]
    },
    {
      "mode": "managed",
      "type": "yandex_compute_instance",
      "name": "node01",
      "provider": "provider[\"registry.terraform.io/yandex-cloud/yandex\"]",
      "instances": [
        {
          "schema_version": 1,
          "attributes": {
            "allow_stopping_for_update": true,
            "boot_disk": [
              {
                "auto_delete": true,
                "device_name": "fhm8oter4nh8ib6elmt8",
                "disk_id": "fhm8oter4nh8ib6elmt8",
                "initialize_params": [
                  {
                    "block_size": 4096,
                    "description": "",
                    "image_id": "fd8jrl4hvqr8jsfj47jf",
                    "name": "root-node01",
                    "size": 10,
                    "snapshot_id": "",
                    "type": "network-ssd"
                  }
                ],
                "mode": "READ_WRITE"
              }
            ],
            "created_at": "2022-02-09T08:55:47Z",
            "description": "",
            "folder_id": "b1g27gpcstr1l1bi3a22",
            "fqdn": "node01.netology.yc",
            "hostname": "node01",
            "id": "fhmaj6roi489dvl8698h",
            "labels": null,
            "metadata": {
              "ssh-keys": "centos:ssh-rsa AAAAB3NzaC1yc2EAAAADAQABAAACAQDAQrqhEDvkOhgrnOksf0Q/8iHIafkADpI+dabnPVGrjfEilNcIW+WH0wPDO53nDJqPgKFE9eZ+5CpMEkMX96SoR2fmdmx80qVKGW6/5z9IMtHnzpVkAVtSDguA/JV/bMP4vwov/DsvDN+/FwJ16EwX0t3Q5VgELYw/o6I1u981CCj+VdmjE7xdf8dNI+jvHN+ho59C1TXhUBevluAjB3MhRe+j3pN6slzXgS2Dun99GvNjPVD14V6piA2V7Cb88haJ7SfzvOV7CrZfsjFZ0Q4eEKy9F3aNUiL7q0DqrFpoXCfpqM1I9D7Kt1b02UjOemAmYrmLCo/chA524gYvf1L6APuCC05u+bV7YCKiQTugVE17oFDzTu76PQ/qRtvxZGk+p4+DWSluwNQL+6oM1zEjH6anqV7QEFpoKTPU5nAKh6mV3xSNUkiJfc6qnZHKLdAOm4qozEPvx6nYw9pypaVUwK35+L4hTPt/yILerk5FT1fFuMQnOK9S4aOyisLHN2a3FHDenWOUsQszLSzrJxNNvhDqTo/fAXjqcItsUK9v0vDdhwiYydgSItoxsDEvyevySwLTkJugtwuEwVShCSPcWN8fq5FwxEV/4fhJDrOimbE+hV11k3/5JfuHoN92z5ucJgF8QLIfPkBxSjRXXEqVfhqg6JTqTWBx6l4mxE2OWQ==\n"
            },
            "name": "node01",
            "network_acceleration_type": "standard",
            "network_interface": [
              {
                "dns_record": [],
                "index": 0,
                "ip_address": "192.168.101.11",
                "ipv4": true,
                "ipv6": false,
                "ipv6_address": "",
                "ipv6_dns_record": [],
                "mac_address": "d0:0d:a9:9b:78:91",
                "nat": true,
                "nat_dns_record": [],
                "nat_ip_address": "62.84.126.118",
                "nat_ip_version": "IPV4",
                "security_group_ids": [],
                "subnet_id": "e9butffk63v6vjn6pma0"
              }
            ],
            "placement_policy": [
              {
                "placement_group_id": ""
              }
            ],
            "platform_id": "standard-v1",
            "resources": [
              {
                "core_fraction": 100,
                "cores": 4,
                "gpus": 0,
                "memory": 8
              }
            ],
            "scheduling_policy": [
              {
                "preemptible": false
              }
            ],
            "secondary_disk": [],
            "service_account_id": "",
            "status": "running",
            "timeouts": null,
            "zone": "ru-central1-a"
          },
          "sensitive_attributes": [],
          "private": "eyJlMmJmYjczMC1lY2FhLTExZTYtOGY4OC0zNDM2M2JjN2M0YzAiOnsiY3JlYXRlIjozMDAwMDAwMDAwMDAsImRlbGV0ZSI6MzAwMDAwMDAwMDAwLCJ1cGRhdGUiOjMwMDAwMDAwMDAwMH0sInNjaGVtYV92ZXJzaW9uIjoiMSJ9",
          "dependencies": [
            "yandex_vpc_network.default",
            "yandex_vpc_subnet.default"
          ]
        }
      ]
    },
    {
      "mode": "managed",
      "type": "yandex_compute_instance",
      "name": "node02",
      "provider": "provider[\"registry.terraform.io/yandex-cloud/yandex\"]",
      "instances": [
        {
          "schema_version": 1,
          "attributes": {
            "allow_stopping_for_update": true,
            "boot_disk": [
              {
                "auto_delete": true,
                "device_name": "fhm1lmefamtolo2abd2q",
                "disk_id": "fhm1lmefamtolo2abd2q",
                "initialize_params": [
                  {
                    "block_size": 4096,
                    "description": "",
                    "image_id": "fd8jrl4hvqr8jsfj47jf",
                    "name": "root-node02",
                    "size": 10,
                    "snapshot_id": "",
                    "type": "network-ssd"
                  }
                ],
                "mode": "READ_WRITE"
              }
            ],
            "created_at": "2022-02-09T08:55:47Z",
            "description": "",
            "folder_id": "b1g27gpcstr1l1bi3a22",
            "fqdn": "node02.netology.yc",
            "hostname": "node02",
            "id": "fhmeba7lkqsukekr6rjk",
            "labels": null,
            "metadata": {
              "ssh-keys": "centos:ssh-rsa AAAAB3NzaC1yc2EAAAADAQABAAACAQDAQrqhEDvkOhgrnOksf0Q/8iHIafkADpI+dabnPVGrjfEilNcIW+WH0wPDO53nDJqPgKFE9eZ+5CpMEkMX96SoR2fmdmx80qVKGW6/5z9IMtHnzpVkAVtSDguA/JV/bMP4vwov/DsvDN+/FwJ16EwX0t3Q5VgELYw/o6I1u981CCj+VdmjE7xdf8dNI+jvHN+ho59C1TXhUBevluAjB3MhRe+j3pN6slzXgS2Dun99GvNjPVD14V6piA2V7Cb88haJ7SfzvOV7CrZfsjFZ0Q4eEKy9F3aNUiL7q0DqrFpoXCfpqM1I9D7Kt1b02UjOemAmYrmLCo/chA524gYvf1L6APuCC05u+bV7YCKiQTugVE17oFDzTu76PQ/qRtvxZGk+p4+DWSluwNQL+6oM1zEjH6anqV7QEFpoKTPU5nAKh6mV3xSNUkiJfc6qnZHKLdAOm4qozEPvx6nYw9pypaVUwK35+L4hTPt/yILerk5FT1fFuMQnOK9S4aOyisLHN2a3FHDenWOUsQszLSzrJxNNvhDqTo/fAXjqcItsUK9v0vDdhwiYydgSItoxsDEvyevySwLTkJugtwuEwVShCSPcWN8fq5FwxEV/4fhJDrOimbE+hV11k3/5JfuHoN92z5ucJgF8QLIfPkBxSjRXXEqVfhqg6JTqTWBx6l4mxE2OWQ==\n"
            },
            "name": "node02",
            "network_acceleration_type": "standard",
            "network_interface": [
              {
                "dns_record": [],
                "index": 0,
                "ip_address": "192.168.101.12",
                "ipv4": true,
                "ipv6": false,
                "ipv6_address": "",
                "ipv6_dns_record": [],
                "mac_address": "d0:0d:e5:a8:f5:a6",
                "nat": true,
                "nat_dns_record": [],
                "nat_ip_address": "84.252.129.78",
                "nat_ip_version": "IPV4",
                "security_group_ids": [],
                "subnet_id": "e9butffk63v6vjn6pma0"
              }
            ],
            "placement_policy": [
              {
                "placement_group_id": ""
              }
            ],
            "platform_id": "standard-v1",
            "resources": [
              {
                "core_fraction": 100,
                "cores": 4,
                "gpus": 0,
                "memory": 8
              }
            ],
            "scheduling_policy": [
              {
                "preemptible": false
              }
            ],
            "secondary_disk": [],
            "service_account_id": "",
            "status": "running",
            "timeouts": null,
            "zone": "ru-central1-a"
          },
          "sensitive_attributes": [],
          "private": "eyJlMmJmYjczMC1lY2FhLTExZTYtOGY4OC0zNDM2M2JjN2M0YzAiOnsiY3JlYXRlIjozMDAwMDAwMDAwMDAsImRlbGV0ZSI6MzAwMDAwMDAwMDAwLCJ1cGRhdGUiOjMwMDAwMDAwMDAwMH0sInNjaGVtYV92ZXJzaW9uIjoiMSJ9",
          "dependencies": [
            "yandex_vpc_network.default",
            "yandex_vpc_subnet.default"
          ]
        }
      ]
    },
    {
      "mode": "managed",
      "type": "yandex_compute_instance",
      "name": "node03",
      "provider": "provider[\"registry.terraform.io/yandex-cloud/yandex\"]",
      "instances": [
        {
          "schema_version": 1,
          "attributes": {
            "allow_stopping_for_update": true,
            "boot_disk": [
              {
                "auto_delete": true,
                "device_name": "fhm71cr8aelkajjkmd2b",
                "disk_id": "fhm71cr8aelkajjkmd2b",
                "initialize_params": [
                  {
                    "block_size": 4096,
                    "description": "",
                    "image_id": "fd8jrl4hvqr8jsfj47jf",
                    "name": "root-node03",
                    "size": 10,
                    "snapshot_id": "",
                    "type": "network-ssd"
                  }
                ],
                "mode": "READ_WRITE"
              }
            ],
            "created_at": "2022-02-09T08:55:47Z",
            "description": "",
            "folder_id": "b1g27gpcstr1l1bi3a22",
            "fqdn": "node03.netology.yc",
            "hostname": "node03",
            "id": "fhmt0v7d194hv8rlmqks",
            "labels": null,
            "metadata": {
              "ssh-keys": "centos:ssh-rsa AAAAB3NzaC1yc2EAAAADAQABAAACAQDAQrqhEDvkOhgrnOksf0Q/8iHIafkADpI+dabnPVGrjfEilNcIW+WH0wPDO53nDJqPgKFE9eZ+5CpMEkMX96SoR2fmdmx80qVKGW6/5z9IMtHnzpVkAVtSDguA/JV/bMP4vwov/DsvDN+/FwJ16EwX0t3Q5VgELYw/o6I1u981CCj+VdmjE7xdf8dNI+jvHN+ho59C1TXhUBevluAjB3MhRe+j3pN6slzXgS2Dun99GvNjPVD14V6piA2V7Cb88haJ7SfzvOV7CrZfsjFZ0Q4eEKy9F3aNUiL7q0DqrFpoXCfpqM1I9D7Kt1b02UjOemAmYrmLCo/chA524gYvf1L6APuCC05u+bV7YCKiQTugVE17oFDzTu76PQ/qRtvxZGk+p4+DWSluwNQL+6oM1zEjH6anqV7QEFpoKTPU5nAKh6mV3xSNUkiJfc6qnZHKLdAOm4qozEPvx6nYw9pypaVUwK35+L4hTPt/yILerk5FT1fFuMQnOK9S4aOyisLHN2a3FHDenWOUsQszLSzrJxNNvhDqTo/fAXjqcItsUK9v0vDdhwiYydgSItoxsDEvyevySwLTkJugtwuEwVShCSPcWN8fq5FwxEV/4fhJDrOimbE+hV11k3/5JfuHoN92z5ucJgF8QLIfPkBxSjRXXEqVfhqg6JTqTWBx6l4mxE2OWQ==\n"
            },
            "name": "node03",
            "network_acceleration_type": "standard",
            "network_interface": [
              {
                "dns_record": [],
                "index": 0,
                "ip_address": "192.168.101.13",
                "ipv4": true,
                "ipv6": false,
                "ipv6_address": "",
                "ipv6_dns_record": [],
                "mac_address": "d0:0d:1d:07:ce:d0",
                "nat": true,
                "nat_dns_record": [],
                "nat_ip_address": "130.193.51.121",
                "nat_ip_version": "IPV4",
                "security_group_ids": [],
                "subnet_id": "e9butffk63v6vjn6pma0"
              }
            ],
            "placement_policy": [
              {
                "placement_group_id": ""
              }
            ],
            "platform_id": "standard-v1",
            "resources": [
              {
                "core_fraction": 100,
                "cores": 4,
                "gpus": 0,
                "memory": 8
              }
            ],
            "scheduling_policy": [
              {
                "preemptible": false
              }
            ],
            "secondary_disk": [],
            "service_account_id": "",
            "status": "running",
            "timeouts": null,
            "zone": "ru-central1-a"
          },
          "sensitive_attributes": [],
          "private": "eyJlMmJmYjczMC1lY2FhLTExZTYtOGY4OC0zNDM2M2JjN2M0YzAiOnsiY3JlYXRlIjozMDAwMDAwMDAwMDAsImRlbGV0ZSI6MzAwMDAwMDAwMDAwLCJ1cGRhdGUiOjMwMDAwMDAwMDAwMH0sInNjaGVtYV92ZXJzaW9uIjoiMSJ9",
          "dependencies": [
            "yandex_vpc_network.default",
            "yandex_vpc_subnet.default"
          ]
        }
      ]
    },
    {
      "mode": "managed",
      "type": "yandex_compute_instance",
      "name": "node04",
      "provider": "provider[\"registry.terraform.io/yandex-cloud/yandex\"]",
      "instances": [
        {
          "schema_version": 1,
          "attributes": {
            "allow_stopping_for_update": true,
            "boot_disk": [
              {
                "auto_delete": true,
                "device_name": "fhmv2r081egi6dig6751",
                "disk_id": "fhmv2r081egi6dig6751",
                "initialize_params": [
                  {
                    "block_size": 4096,
                    "description": "",
                    "image_id": "fd8jrl4hvqr8jsfj47jf",
                    "name": "root-node04",
                    "size": 40,
                    "snapshot_id": "",
                    "type": "network-ssd"
                  }
                ],
                "mode": "READ_WRITE"
              }
            ],
            "created_at": "2022-02-09T08:55:47Z",
            "description": "",
            "folder_id": "b1g27gpcstr1l1bi3a22",
            "fqdn": "node04.netology.yc",
            "hostname": "node04",
            "id": "fhmvu4pci56aa3h5okmi",
            "labels": null,
            "metadata": {
              "ssh-keys": "centos:ssh-rsa AAAAB3NzaC1yc2EAAAADAQABAAACAQDAQrqhEDvkOhgrnOksf0Q/8iHIafkADpI+dabnPVGrjfEilNcIW+WH0wPDO53nDJqPgKFE9eZ+5CpMEkMX96SoR2fmdmx80qVKGW6/5z9IMtHnzpVkAVtSDguA/JV/bMP4vwov/DsvDN+/FwJ16EwX0t3Q5VgELYw/o6I1u981CCj+VdmjE7xdf8dNI+jvHN+ho59C1TXhUBevluAjB3MhRe+j3pN6slzXgS2Dun99GvNjPVD14V6piA2V7Cb88haJ7SfzvOV7CrZfsjFZ0Q4eEKy9F3aNUiL7q0DqrFpoXCfpqM1I9D7Kt1b02UjOemAmYrmLCo/chA524gYvf1L6APuCC05u+bV7YCKiQTugVE17oFDzTu76PQ/qRtvxZGk+p4+DWSluwNQL+6oM1zEjH6anqV7QEFpoKTPU5nAKh6mV3xSNUkiJfc6qnZHKLdAOm4qozEPvx6nYw9pypaVUwK35+L4hTPt/yILerk5FT1fFuMQnOK9S4aOyisLHN2a3FHDenWOUsQszLSzrJxNNvhDqTo/fAXjqcItsUK9v0vDdhwiYydgSItoxsDEvyevySwLTkJugtwuEwVShCSPcWN8fq5FwxEV/4fhJDrOimbE+hV11k3/5JfuHoN92z5ucJgF8QLIfPkBxSjRXXEqVfhqg6JTqTWBx6l4mxE2OWQ==\n"
            },
            "name": "node04",
            "network_acceleration_type": "standard",
            "network_interface": [
              {
                "dns_record": [],
                "index": 0,
                "ip_address": "192.168.101.14",
                "ipv4": true,
                "ipv6": false,
                "ipv6_address": "",
                "ipv6_dns_record": [],
                "mac_address": "d0:0d:1f:f1:32:c9",
                "nat": true,
                "nat_dns_record": [],
                "nat_ip_address": "84.201.157.158",
                "nat_ip_version": "IPV4",
                "security_group_ids": [],
                "subnet_id": "e9butffk63v6vjn6pma0"
              }
            ],
            "placement_policy": [
              {
                "placement_group_id": ""
              }
            ],
            "platform_id": "standard-v1",
            "resources": [
              {
                "core_fraction": 100,
                "cores": 4,
                "gpus": 0,
                "memory": 8
              }
            ],
            "scheduling_policy": [
              {
                "preemptible": false
              }
            ],
            "secondary_disk": [],
            "service_account_id": "",
            "status": "running",
            "timeouts": null,
            "zone": "ru-central1-a"
          },
          "sensitive_attributes": [],
          "private": "eyJlMmJmYjczMC1lY2FhLTExZTYtOGY4OC0zNDM2M2JjN2M0YzAiOnsiY3JlYXRlIjozMDAwMDAwMDAwMDAsImRlbGV0ZSI6MzAwMDAwMDAwMDAwLCJ1cGRhdGUiOjMwMDAwMDAwMDAwMH0sInNjaGVtYV92ZXJzaW9uIjoiMSJ9",
          "dependencies": [
            "yandex_vpc_network.default",
            "yandex_vpc_subnet.default"
          ]
        }
      ]
    },
    {
      "mode": "managed",
      "type": "yandex_compute_instance",
      "name": "node05",
      "provider": "provider[\"registry.terraform.io/yandex-cloud/yandex\"]",
      "instances": [
        {
          "schema_version": 1,
          "attributes": {
            "allow_stopping_for_update": true,
            "boot_disk": [
              {
                "auto_delete": true,
                "device_name": "fhmsih9vq9kb83o64hud",
                "disk_id": "fhmsih9vq9kb83o64hud",
                "initialize_params": [
                  {
                    "block_size": 4096,
                    "description": "",
                    "image_id": "fd8jrl4hvqr8jsfj47jf",
                    "name": "root-node05",
                    "size": 40,
                    "snapshot_id": "",
                    "type": "network-ssd"
                  }
                ],
                "mode": "READ_WRITE"
              }
            ],
            "created_at": "2022-02-09T08:55:47Z",
            "description": "",
            "folder_id": "b1g27gpcstr1l1bi3a22",
            "fqdn": "node05.netology.yc",
            "hostname": "node05",
            "id": "fhm633ttkd825g8jdi8m",
            "labels": null,
            "metadata": {
              "ssh-keys": "centos:ssh-rsa AAAAB3NzaC1yc2EAAAADAQABAAACAQDAQrqhEDvkOhgrnOksf0Q/8iHIafkADpI+dabnPVGrjfEilNcIW+WH0wPDO53nDJqPgKFE9eZ+5CpMEkMX96SoR2fmdmx80qVKGW6/5z9IMtHnzpVkAVtSDguA/JV/bMP4vwov/DsvDN+/FwJ16EwX0t3Q5VgELYw/o6I1u981CCj+VdmjE7xdf8dNI+jvHN+ho59C1TXhUBevluAjB3MhRe+j3pN6slzXgS2Dun99GvNjPVD14V6piA2V7Cb88haJ7SfzvOV7CrZfsjFZ0Q4eEKy9F3aNUiL7q0DqrFpoXCfpqM1I9D7Kt1b02UjOemAmYrmLCo/chA524gYvf1L6APuCC05u+bV7YCKiQTugVE17oFDzTu76PQ/qRtvxZGk+p4+DWSluwNQL+6oM1zEjH6anqV7QEFpoKTPU5nAKh6mV3xSNUkiJfc6qnZHKLdAOm4qozEPvx6nYw9pypaVUwK35+L4hTPt/yILerk5FT1fFuMQnOK9S4aOyisLHN2a3FHDenWOUsQszLSzrJxNNvhDqTo/fAXjqcItsUK9v0vDdhwiYydgSItoxsDEvyevySwLTkJugtwuEwVShCSPcWN8fq5FwxEV/4fhJDrOimbE+hV11k3/5JfuHoN92z5ucJgF8QLIfPkBxSjRXXEqVfhqg6JTqTWBx6l4mxE2OWQ==\n"
            },
            "name": "node05",
            "network_acceleration_type": "standard",
            "network_interface": [
              {
                "dns_record": [],
                "index": 0,
                "ip_address": "192.168.101.15",
                "ipv4": true,
                "ipv6": false,
                "ipv6_address": "",
                "ipv6_dns_record": [],
                "mac_address": "d0:0d:61:8f:bd:a3",
                "nat": true,
                "nat_dns_record": [],
                "nat_ip_address": "130.193.49.253",
                "nat_ip_version": "IPV4",
                "security_group_ids": [],
                "subnet_id": "e9butffk63v6vjn6pma0"
              }
            ],
            "placement_policy": [
              {
                "placement_group_id": ""
              }
            ],
            "platform_id": "standard-v1",
            "resources": [
              {
                "core_fraction": 100,
                "cores": 4,
                "gpus": 0,
                "memory": 8
              }
            ],
            "scheduling_policy": [
              {
                "preemptible": false
              }
            ],
            "secondary_disk": [],
            "service_account_id": "",
            "status": "running",
            "timeouts": null,
            "zone": "ru-central1-a"
          },
          "sensitive_attributes": [],
          "private": "eyJlMmJmYjczMC1lY2FhLTExZTYtOGY4OC0zNDM2M2JjN2M0YzAiOnsiY3JlYXRlIjozMDAwMDAwMDAwMDAsImRlbGV0ZSI6MzAwMDAwMDAwMDAwLCJ1cGRhdGUiOjMwMDAwMDAwMDAwMH0sInNjaGVtYV92ZXJzaW9uIjoiMSJ9",
          "dependencies": [
            "yandex_vpc_network.default",
            "yandex_vpc_subnet.default"
          ]
        }
      ]
    },
    {
      "mode": "managed",
      "type": "yandex_compute_instance",
      "name": "node06",
      "provider": "provider[\"registry.terraform.io/yandex-cloud/yandex\"]",
      "instances": [
        {
          "schema_version": 1,
          "attributes": {
            "allow_stopping_for_update": true,
            "boot_disk": [
              {
                "auto_delete": true,
                "device_name": "fhmv61k10mqfgh66tji2",
                "disk_id": "fhmv61k10mqfgh66tji2",
                "initialize_params": [
                  {
                    "block_size": 4096,
                    "description": "",
                    "image_id": "fd8jrl4hvqr8jsfj47jf",
                    "name": "root-node06",
                    "size": 40,
                    "snapshot_id": "",
                    "type": "network-ssd"
                  }
                ],
                "mode": "READ_WRITE"
              }
            ],
            "created_at": "2022-02-09T08:55:48Z",
            "description": "",
            "folder_id": "b1g27gpcstr1l1bi3a22",
            "fqdn": "node06.netology.yc",
            "hostname": "node06",
            "id": "fhmi0606hmu5kid8neeb",
            "labels": null,
            "metadata": {
              "ssh-keys": "centos:ssh-rsa AAAAB3NzaC1yc2EAAAADAQABAAACAQDAQrqhEDvkOhgrnOksf0Q/8iHIafkADpI+dabnPVGrjfEilNcIW+WH0wPDO53nDJqPgKFE9eZ+5CpMEkMX96SoR2fmdmx80qVKGW6/5z9IMtHnzpVkAVtSDguA/JV/bMP4vwov/DsvDN+/FwJ16EwX0t3Q5VgELYw/o6I1u981CCj+VdmjE7xdf8dNI+jvHN+ho59C1TXhUBevluAjB3MhRe+j3pN6slzXgS2Dun99GvNjPVD14V6piA2V7Cb88haJ7SfzvOV7CrZfsjFZ0Q4eEKy9F3aNUiL7q0DqrFpoXCfpqM1I9D7Kt1b02UjOemAmYrmLCo/chA524gYvf1L6APuCC05u+bV7YCKiQTugVE17oFDzTu76PQ/qRtvxZGk+p4+DWSluwNQL+6oM1zEjH6anqV7QEFpoKTPU5nAKh6mV3xSNUkiJfc6qnZHKLdAOm4qozEPvx6nYw9pypaVUwK35+L4hTPt/yILerk5FT1fFuMQnOK9S4aOyisLHN2a3FHDenWOUsQszLSzrJxNNvhDqTo/fAXjqcItsUK9v0vDdhwiYydgSItoxsDEvyevySwLTkJugtwuEwVShCSPcWN8fq5FwxEV/4fhJDrOimbE+hV11k3/5JfuHoN92z5ucJgF8QLIfPkBxSjRXXEqVfhqg6JTqTWBx6l4mxE2OWQ==\n"
            },
            "name": "node06",
            "network_acceleration_type": "standard",
            "network_interface": [
              {
                "dns_record": [],
                "index": 0,
                "ip_address": "192.168.101.16",
                "ipv4": true,
                "ipv6": false,
                "ipv6_address": "",
                "ipv6_dns_record": [],
                "mac_address": "d0:0d:12:01:80:68",
                "nat": true,
                "nat_dns_record": [],
                "nat_ip_address": "84.201.134.6",
                "nat_ip_version": "IPV4",
                "security_group_ids": [],
                "subnet_id": "e9butffk63v6vjn6pma0"
              }
            ],
            "placement_policy": [
              {
                "placement_group_id": ""
              }
            ],
            "platform_id": "standard-v1",
            "resources": [
              {
                "core_fraction": 100,
                "cores": 4,
                "gpus": 0,
                "memory": 8
              }
            ],
            "scheduling_policy": [
              {
                "preemptible": false
              }
            ],
            "secondary_disk": [],
            "service_account_id": "",
            "status": "running",
            "timeouts": null,
            "zone": "ru-central1-a"
          },
          "sensitive_attributes": [],
          "private": "eyJlMmJmYjczMC1lY2FhLTExZTYtOGY4OC0zNDM2M2JjN2M0YzAiOnsiY3JlYXRlIjozMDAwMDAwMDAwMDAsImRlbGV0ZSI6MzAwMDAwMDAwMDAwLCJ1cGRhdGUiOjMwMDAwMDAwMDAwMH0sInNjaGVtYV92ZXJzaW9uIjoiMSJ9",
          "dependencies": [
            "yandex_vpc_network.default",
            "yandex_vpc_subnet.default"
          ]
        }
      ]
    },
    {
      "mode": "managed",
      "type": "yandex_vpc_network",
      "name": "default",
      "provider": "provider[\"registry.terraform.io/yandex-cloud/yandex\"]",
      "instances": [
        {
          "schema_version": 0,
          "attributes": {
            "created_at": "2022-02-09T08:55:45Z",
            "default_security_group_id": "",
            "description": "",
            "folder_id": "b1g27gpcstr1l1bi3a22",
            "id": "enp9n1krc7r1piegqcad",
            "labels": {},
            "name": "net",
            "subnet_ids": [],
            "timeouts": null
          },
          "sensitive_attributes": [],
          "private": "eyJlMmJmYjczMC1lY2FhLTExZTYtOGY4OC0zNDM2M2JjN2M0YzAiOnsiY3JlYXRlIjo2MDAwMDAwMDAwMCwiZGVsZXRlIjo2MDAwMDAwMDAwMCwidXBkYXRlIjo2MDAwMDAwMDAwMH19"
        }
      ]
    },
    {
      "mode": "managed",
      "type": "yandex_vpc_subnet",
      "name": "default",
      "provider": "provider[\"registry.terraform.io/yandex-cloud/yandex\"]",
      "instances": [
        {
          "schema_version": 0,
          "attributes": {
            "created_at": "2022-02-09T08:55:46Z",
            "description": "",
            "dhcp_options": [],
            "folder_id": "b1g27gpcstr1l1bi3a22",
            "id": "e9butffk63v6vjn6pma0",
            "labels": {},
            "name": "subnet",
            "network_id": "enp9n1krc7r1piegqcad",
            "route_table_id": "",
            "timeouts": null,
            "v4_cidr_blocks": [
              "192.168.101.0/24"
            ],
            "v6_cidr_blocks": [],
            "zone": "ru-central1-a"
          },
          "sensitive_attributes": [],
          "private": "eyJlMmJmYjczMC1lY2FhLTExZTYtOGY4OC0zNDM2M2JjN2M0YzAiOnsiY3JlYXRlIjoxODAwMDAwMDAwMDAsImRlbGV0ZSI6MTgwMDAwMDAwMDAwLCJ1cGRhdGUiOjE4MDAwMDAwMDAwMH19",
          "dependencies": [
            "yandex_vpc_network.default"
          ]
        }
      ]
    }
  ]
}
