{
  "version": 4,
  "terraform_version": "1.3.4",
  "serial": 390,
  "lineage": "04574320-c53e-a107-3ec0-253bc1aef3c4",
  "outputs": {},
  "resources": [
    {
      "mode": "managed",
      "type": "yandex_compute_instance",
      "name": "nat-instance",
      "provider": "provider[\"registry.terraform.io/yandex-cloud/yandex\"]",
      "instances": [
        {
          "schema_version": 1,
          "attributes": {
            "allow_recreate": null,
            "allow_stopping_for_update": true,
            "boot_disk": [
              {
                "auto_delete": true,
                "device_name": "fhmiinu1oqtfvnfb4rp0",
                "disk_id": "fhmiinu1oqtfvnfb4rp0",
                "initialize_params": [
                  {
                    "block_size": 4096,
                    "description": "",
                    "image_id": "fd80mrhj8fl2oe87o4e1",
                    "name": "root-nat-instance",
                    "size": 10,
                    "snapshot_id": "",
                    "type": "network-hdd"
                  }
                ],
                "mode": "READ_WRITE"
              }
            ],
            "created_at": "2023-01-12T17:33:33Z",
            "description": "",
            "filesystem": [],
            "folder_id": "b1g27gpcstr1l1bi3a22",
            "fqdn": "nat-instance.netology.cloud",
            "hostname": "nat-instance.netology.cloud",
            "id": "fhmr2sbmsfifieh379ec",
            "labels": null,
            "local_disk": [],
            "metadata": {
              "serial-port-enable": "1",
              "ssh-keys": "centos:ssh-rsa AAAAB3NzaC1yc2EAAAADAQABAAACAQDAQrqhEDvkOhgrnOksf0Q/8iHIafkADpI+dabnPVGrjfEilNcIW+WH0wPDO53nDJqPgKFE9eZ+5CpMEkMX96SoR2fmdmx80qVKGW6/5z9IMtHnzpVkAVtSDguA/JV/bMP4vwov/DsvDN+/FwJ16EwX0t3Q5VgELYw/o6I1u981CCj+VdmjE7xdf8dNI+jvHN+ho59C1TXhUBevluAjB3MhRe+j3pN6slzXgS2Dun99GvNjPVD14V6piA2V7Cb88haJ7SfzvOV7CrZfsjFZ0Q4eEKy9F3aNUiL7q0DqrFpoXCfpqM1I9D7Kt1b02UjOemAmYrmLCo/chA524gYvf1L6APuCC05u+bV7YCKiQTugVE17oFDzTu76PQ/qRtvxZGk+p4+DWSluwNQL+6oM1zEjH6anqV7QEFpoKTPU5nAKh6mV3xSNUkiJfc6qnZHKLdAOm4qozEPvx6nYw9pypaVUwK35+L4hTPt/yILerk5FT1fFuMQnOK9S4aOyisLHN2a3FHDenWOUsQszLSzrJxNNvhDqTo/fAXjqcItsUK9v0vDdhwiYydgSItoxsDEvyevySwLTkJugtwuEwVShCSPcWN8fq5FwxEV/4fhJDrOimbE+hV11k3/5JfuHoN92z5ucJgF8QLIfPkBxSjRXXEqVfhqg6JTqTWBx6l4mxE2OWQ==\n"
            },
            "metadata_options": [
              {
                "aws_v1_http_endpoint": 1,
                "aws_v1_http_token": 1,
                "gce_http_endpoint": 1,
                "gce_http_token": 1
              }
            ],
            "name": "nat-instance",
            "network_acceleration_type": "standard",
            "network_interface": [
              {
                "dns_record": [],
                "index": 0,
                "ip_address": "192.168.10.254",
                "ipv4": true,
                "ipv6": false,
                "ipv6_address": "",
                "ipv6_dns_record": [],
                "mac_address": "d0:0d:1b:17:17:6e",
                "nat": true,
                "nat_dns_record": [],
                "nat_ip_address": "158.160.47.250",
                "nat_ip_version": "IPV4",
                "security_group_ids": [],
                "subnet_id": "e9bicusudfeheqe424pc"
              }
            ],
            "placement_policy": [
              {
                "host_affinity_rules": [],
                "placement_group_id": ""
              }
            ],
            "platform_id": "standard-v1",
            "resources": [
              {
                "core_fraction": 5,
                "cores": 2,
                "gpus": 0,
                "memory": 2
              }
            ],
            "scheduling_policy": [
              {
                "preemptible": false
              }
            ],
            "secondary_disk": [],
            "service_account_id": "",
            "status": "running",
            "timeouts": null,
            "zone": "ru-central1-a"
          },
          "sensitive_attributes": [],
          "private": "eyJlMmJmYjczMC1lY2FhLTExZTYtOGY4OC0zNDM2M2JjN2M0YzAiOnsiY3JlYXRlIjozMDAwMDAwMDAwMDAsImRlbGV0ZSI6MzAwMDAwMDAwMDAwLCJ1cGRhdGUiOjMwMDAwMDAwMDAwMH0sInNjaGVtYV92ZXJzaW9uIjoiMSJ9",
          "dependencies": [
            "yandex_vpc_network.net",
            "yandex_vpc_subnet.public-subnet-a"
          ]
        }
      ]
    },
    {
      "mode": "managed",
      "type": "yandex_iam_service_account",
      "name": "k8s-robot",
      "provider": "provider[\"registry.terraform.io/yandex-cloud/yandex\"]",
      "instances": [
        {
          "schema_version": 0,
          "attributes": {
            "created_at": "2023-01-12T17:33:28Z",
            "description": "K8S regional service account",
            "folder_id": "b1g27gpcstr1l1bi3a22",
            "id": "aje2t28obpi65p9kgiea",
            "name": "k8s-robot",
            "timeouts": null
          },
          "sensitive_attributes": [],
          "private": "eyJlMmJmYjczMC1lY2FhLTExZTYtOGY4OC0zNDM2M2JjN2M0YzAiOnsiY3JlYXRlIjo2MDAwMDAwMDAwMCwiZGVsZXRlIjo2MDAwMDAwMDAwMCwidXBkYXRlIjo2MDAwMDAwMDAwMH19"
        }
      ]
    },
    {
      "mode": "managed",
      "type": "yandex_iam_service_account",
      "name": "s3-robot",
      "provider": "provider[\"registry.terraform.io/yandex-cloud/yandex\"]",
      "instances": [
        {
          "schema_version": 0,
          "attributes": {
            "created_at": "2023-01-12T17:33:29Z",
            "description": "",
            "folder_id": "b1g27gpcstr1l1bi3a22",
            "id": "ajeqi1q9loncpi567c53",
            "name": "s3-robot",
            "timeouts": null
          },
          "sensitive_attributes": [],
          "private": "eyJlMmJmYjczMC1lY2FhLTExZTYtOGY4OC0zNDM2M2JjN2M0YzAiOnsiY3JlYXRlIjo2MDAwMDAwMDAwMCwiZGVsZXRlIjo2MDAwMDAwMDAwMCwidXBkYXRlIjo2MDAwMDAwMDAwMH19"
        }
      ]
    },
    {
      "mode": "managed",
      "type": "yandex_iam_service_account_static_access_key",
      "name": "s3-robot-static-key",
      "provider": "provider[\"registry.terraform.io/yandex-cloud/yandex\"]",
      "instances": [
        {
          "schema_version": 0,
          "attributes": {
            "access_key": "YCAJERMtrP-UAYlN9UdZDLeSe",
            "created_at": "2023-01-12T17:33:29Z",
            "description": "",
            "encrypted_secret_key": null,
            "id": "ajeq9pkmhqe2hlfftps2",
            "key_fingerprint": null,
            "pgp_key": null,
            "secret_key": "YCO9uQ2zmYxwHwz0nrnpx_NLThOa5lOArce9AZu6",
            "service_account_id": "ajeqi1q9loncpi567c53"
          },
          "sensitive_attributes": [],
          "private": "bnVsbA==",
          "dependencies": [
            "yandex_iam_service_account.s3-robot"
          ]
        }
      ]
    },
    {
      "mode": "managed",
      "type": "yandex_kms_symmetric_key",
      "name": "my-kms-key",
      "provider": "provider[\"registry.terraform.io/yandex-cloud/yandex\"]",
      "instances": [
        {
          "schema_version": 0,
          "attributes": {
            "created_at": "2023-01-12T17:33:28Z",
            "default_algorithm": "AES_128",
            "description": "my symetric key",
            "folder_id": "b1g27gpcstr1l1bi3a22",
            "id": "abj3qt6uce7fhekb5bii",
            "labels": null,
            "name": "symetric-key",
            "rotated_at": "",
            "rotation_period": "8760h0m0s",
            "status": "active",
            "timeouts": null
          },
          "sensitive_attributes": [],
          "private": "eyJlMmJmYjczMC1lY2FhLTExZTYtOGY4OC0zNDM2M2JjN2M0YzAiOnsiY3JlYXRlIjo2MDAwMDAwMDAwMCwiZGVsZXRlIjo2MDAwMDAwMDAwMCwicmVhZCI6NjAwMDAwMDAwMDAsInVwZGF0ZSI6NjAwMDAwMDAwMDB9fQ=="
        }
      ]
    },
    {
      "mode": "managed",
      "type": "yandex_kms_symmetric_key_iam_binding",
      "name": "viewer",
      "provider": "provider[\"registry.terraform.io/yandex-cloud/yandex\"]",
      "instances": [
        {
          "schema_version": 0,
          "attributes": {
            "id": "abj3qt6uce7fhekb5bii/viewer",
            "members": [
              "serviceAccount:aje2t28obpi65p9kgiea"
            ],
            "role": "viewer",
            "sleep_after": null,
            "symmetric_key_id": "abj3qt6uce7fhekb5bii"
          },
          "sensitive_attributes": [],
          "private": "bnVsbA==",
          "dependencies": [
            "yandex_iam_service_account.k8s-robot",
            "yandex_kms_symmetric_key.my-kms-key"
          ]
        }
      ]
    },
    {
      "mode": "managed",
      "type": "yandex_kubernetes_cluster",
      "name": "k8s-regional-cluster",
      "provider": "provider[\"registry.terraform.io/yandex-cloud/yandex\"]",
      "instances": [
        {
          "schema_version": 0,
          "attributes": {
            "cluster_ipv4_range": "10.112.0.0/16",
            "cluster_ipv6_range": "",
            "created_at": "2023-01-12T17:33:36Z",
            "description": "",
            "folder_id": "b1g27gpcstr1l1bi3a22",
            "health": "healthy",
            "id": "cat3evr1qumeq4fba8c0",
            "kms_provider": [
              {
                "key_id": "abj3qt6uce7fhekb5bii"
              }
            ],
            "labels": {},
            "log_group_id": "ckg73nmbv9jk5rm3rkaf",
            "master": [
              {
                "cluster_ca_certificate": "-----BEGIN CERTIFICATE-----\nMIIC5zCCAc+gAwIBAgIBADANBgkqhkiG9w0BAQsFADAVMRMwEQYDVQQDEwprdWJl\ncm5ldGVzMB4XDTIzMDExMjE3MzMzOFoXDTMzMDEwOTE3MzMzOFowFTETMBEGA1UE\nAxMKa3ViZXJuZXRlczCCASIwDQYJKoZIhvcNAQEBBQADggEPADCCAQoCggEBAMcG\nNtiF357Q0Jt2gNPvXmLGs91uCk/v9Eg4pi8ACumajBR7k9qHtYgrhSDQptQPnDcS\niXttlnFNyE10dsN6bXSzGKu48hbAiky4boynbcAv+SSP2TG3rVtqjtp/T2EyV+Tc\n102287xhpDbB/BFO7Zpn2UXB8sJwuv6zKmUddFabmU5UbEP+NvaiJL0g0Ui+dAPB\n6a+vdaIyn4HNtXH/J1qC0eerbUoIb/ZG1G2haMfwZwPjwiPNgZYqCizp8/qXLloO\nD1MVWUcrxTicYmmPrgUwame/b2zlWd+A5qo75f9qr14ctInflJRoSRqKAhgsahd8\nzL5XOaK6qG6GQ9eGMMUCAwEAAaNCMEAwDgYDVR0PAQH/BAQDAgKkMA8GA1UdEwEB\n/wQFMAMBAf8wHQYDVR0OBBYEFJeBA8yhDhDdP3dNgYFi2O2aEX+BMA0GCSqGSIb3\nDQEBCwUAA4IBAQB75MuIpPE97Zrd7gG361jlyMZnq0Bs2jKHkFdXo+FrVjZakYDB\nDGdcdptyW9cScbvyZdjn8rKsYzFTjgEFrHCc9ISTFquI5SBz115UD5Izgxcli4c+\nnGw6hOE6R09aRvDGMJf4DEnxz+JhxEU1vGBp51bmchOcmrTTDb+sZKqsU5q+8Rjt\nGOITmgq77unZBg287+YiT/+MgJPbURKaXn6K3sc3BMv66uiajcY7TOW8W1LOFUOb\nyRjCTHONhi3yVC7vjn/Y/l6cXaO33EqKIe9nfaAqfL8oL8TReygEYLaOews76Cyv\nRryFyHDCc9gHghsbhiCIMZRsmmpDVE0b2G9f\n-----END CERTIFICATE-----\n",
                "external_v4_address": "158.160.40.70",
                "external_v4_endpoint": "https://158.160.40.70",
                "external_v6_address": "",
                "external_v6_endpoint": "",
                "internal_v4_address": "192.168.10.33",
                "internal_v4_endpoint": "https://192.168.10.33",
                "maintenance_policy": [
                  {
                    "auto_upgrade": true,
                    "maintenance_window": []
                  }
                ],
                "public_ip": true,
                "regional": [
                  {
                    "location": [
                      {
                        "subnet_id": "e9bicusudfeheqe424pc",
                        "zone": "ru-central1-a"
                      },
                      {
                        "subnet_id": "e2lg1h1u5e1fk6f4d9cd",
                        "zone": "ru-central1-b"
                      },
                      {
                        "subnet_id": "b0cal5v9ibc5npha8sg1",
                        "zone": "ru-central1-c"
                      }
                    ],
                    "region": "ru-central1"
                  }
                ],
                "security_group_ids": [
                  "enpl0ifqfos7n2naqa4o"
                ],
                "version": "1.22",
                "version_info": [
                  {
                    "current_version": "1.22",
                    "new_revision_available": false,
                    "new_revision_summary": "",
                    "version_deprecated": false
                  }
                ],
                "zonal": []
              }
            ],
            "name": "",
            "network_id": "enpgspu2burkjsf9dnmn",
            "network_implementation": [],
            "network_policy_provider": null,
            "node_ipv4_cidr_mask_size": 24,
            "node_service_account_id": "aje2t28obpi65p9kgiea",
            "release_channel": "REGULAR",
            "service_account_id": "aje2t28obpi65p9kgiea",
            "service_ipv4_range": "10.96.0.0/16",
            "service_ipv6_range": "",
            "status": "running",
            "timeouts": null
          },
          "sensitive_attributes": [],
          "private": "eyJlMmJmYjczMC1lY2FhLTExZTYtOGY4OC0zNDM2M2JjN2M0YzAiOnsiY3JlYXRlIjoxODAwMDAwMDAwMDAwLCJkZWxldGUiOjEyMDAwMDAwMDAwMDAsInJlYWQiOjMwMDAwMDAwMDAwMCwidXBkYXRlIjoxODAwMDAwMDAwMDAwfX0=",
          "dependencies": [
            "yandex_iam_service_account.k8s-robot",
            "yandex_kms_symmetric_key.my-kms-key",
            "yandex_resourcemanager_folder_iam_binding.images-puller",
            "yandex_resourcemanager_folder_iam_binding.k8s-clusters-agent",
            "yandex_resourcemanager_folder_iam_binding.vpc-public-admin",
            "yandex_vpc_network.net",
            "yandex_vpc_security_group.k8s-main-sg",
            "yandex_vpc_subnet.public-subnet-a",
            "yandex_vpc_subnet.public-subnet-b",
            "yandex_vpc_subnet.public-subnet-c"
          ]
        }
      ]
    },
    {
      "mode": "managed",
      "type": "yandex_kubernetes_node_group",
      "name": "k8s-regional-nodes-a",
      "provider": "provider[\"registry.terraform.io/yandex-cloud/yandex\"]",
      "instances": [
        {
          "schema_version": 0,
          "attributes": {
            "allocation_policy": [
              {
                "location": [
                  {
                    "subnet_id": "e9bicusudfeheqe424pc",
                    "zone": "ru-central1-a"
                  }
                ]
              }
            ],
            "allowed_unsafe_sysctls": null,
            "cluster_id": "cat3evr1qumeq4fba8c0",
            "created_at": "2023-01-12T17:38:32Z",
            "deploy_policy": [
              {
                "max_expansion": 3,
                "max_unavailable": 0
              }
            ],
            "description": "",
            "id": "catjssgh7f9cn5c351id",
            "instance_group_id": "cl1qsugfo52hssdh9mtm",
            "instance_template": [
              {
                "boot_disk": [
                  {
                    "size": 30,
                    "type": "network-hdd"
                  }
                ],
                "container_runtime": [
                  {
                    "type": "containerd"
                  }
                ],
                "labels": null,
                "metadata": {
                  "serial-port-enable": "1",
                  "ssh-keys": "ubuntu:ssh-rsa AAAAB3NzaC1yc2EAAAADAQABAAACAQDAQrqhEDvkOhgrnOksf0Q/8iHIafkADpI+dabnPVGrjfEilNcIW+WH0wPDO53nDJqPgKFE9eZ+5CpMEkMX96SoR2fmdmx80qVKGW6/5z9IMtHnzpVkAVtSDguA/JV/bMP4vwov/DsvDN+/FwJ16EwX0t3Q5VgELYw/o6I1u981CCj+VdmjE7xdf8dNI+jvHN+ho59C1TXhUBevluAjB3MhRe+j3pN6slzXgS2Dun99GvNjPVD14V6piA2V7Cb88haJ7SfzvOV7CrZfsjFZ0Q4eEKy9F3aNUiL7q0DqrFpoXCfpqM1I9D7Kt1b02UjOemAmYrmLCo/chA524gYvf1L6APuCC05u+bV7YCKiQTugVE17oFDzTu76PQ/qRtvxZGk+p4+DWSluwNQL+6oM1zEjH6anqV7QEFpoKTPU5nAKh6mV3xSNUkiJfc6qnZHKLdAOm4qozEPvx6nYw9pypaVUwK35+L4hTPt/yILerk5FT1fFuMQnOK9S4aOyisLHN2a3FHDenWOUsQszLSzrJxNNvhDqTo/fAXjqcItsUK9v0vDdhwiYydgSItoxsDEvyevySwLTkJugtwuEwVShCSPcWN8fq5FwxEV/4fhJDrOimbE+hV11k3/5JfuHoN92z5ucJgF8QLIfPkBxSjRXXEqVfhqg6JTqTWBx6l4mxE2OWQ==\n"
                },
                "name": "",
                "nat": false,
                "network_acceleration_type": "type_unspecified",
                "network_interface": [
                  {
                    "ipv4": true,
                    "ipv4_dns_records": [],
                    "ipv6": false,
                    "ipv6_dns_records": [],
                    "nat": false,
                    "security_group_ids": null,
                    "subnet_ids": [
                      "e9bicusudfeheqe424pc"
                    ]
                  }
                ],
                "placement_policy": [],
                "platform_id": "standard-v1",
                "resources": [
                  {
                    "core_fraction": 20,
                    "cores": 2,
                    "gpus": 0,
                    "memory": 1
                  }
                ],
                "scheduling_policy": [
                  {
                    "preemptible": false
                  }
                ]
              }
            ],
            "labels": {},
            "maintenance_policy": [
              {
                "auto_repair": true,
                "auto_upgrade": true,
                "maintenance_window": []
              }
            ],
            "name": "k8s-regional-nodes-a",
            "node_labels": null,
            "node_taints": null,
            "scale_policy": [
              {
                "auto_scale": [
                  {
                    "initial": 1,
                    "max": 2,
                    "min": 1
                  }
                ],
                "fixed_scale": []
              }
            ],
            "status": "running",
            "timeouts": null,
            "version": "1.22",
            "version_info": [
              {
                "current_version": "1.22",
                "new_revision_available": false,
                "new_revision_summary": "",
                "version_deprecated": false
              }
            ]
          },
          "sensitive_attributes": [],
          "private": "eyJlMmJmYjczMC1lY2FhLTExZTYtOGY4OC0zNDM2M2JjN2M0YzAiOnsiY3JlYXRlIjozNjAwMDAwMDAwMDAwLCJkZWxldGUiOjEyMDAwMDAwMDAwMDAsInJlYWQiOjYwMDAwMDAwMDAwMCwidXBkYXRlIjozNjAwMDAwMDAwMDAwfX0=",
          "dependencies": [
            "yandex_iam_service_account.k8s-robot",
            "yandex_kms_symmetric_key.my-kms-key",
            "yandex_kubernetes_cluster.k8s-regional-cluster",
            "yandex_resourcemanager_folder_iam_binding.images-puller",
            "yandex_resourcemanager_folder_iam_binding.k8s-clusters-agent",
            "yandex_resourcemanager_folder_iam_binding.vpc-public-admin",
            "yandex_vpc_network.net",
            "yandex_vpc_security_group.k8s-main-sg",
            "yandex_vpc_subnet.public-subnet-a",
            "yandex_vpc_subnet.public-subnet-b",
            "yandex_vpc_subnet.public-subnet-c"
          ]
        }
      ]
    },
    {
      "mode": "managed",
      "type": "yandex_kubernetes_node_group",
      "name": "k8s-regional-nodes-b",
      "provider": "provider[\"registry.terraform.io/yandex-cloud/yandex\"]",
      "instances": [
        {
          "schema_version": 0,
          "attributes": {
            "allocation_policy": [
              {
                "location": [
                  {
                    "subnet_id": "e2lg1h1u5e1fk6f4d9cd",
                    "zone": "ru-central1-b"
                  }
                ]
              }
            ],
            "allowed_unsafe_sysctls": null,
            "cluster_id": "cat3evr1qumeq4fba8c0",
            "created_at": "2023-01-12T17:38:33Z",
            "deploy_policy": [
              {
                "max_expansion": 3,
                "max_unavailable": 0
              }
            ],
            "description": "",
            "id": "cat73692elr95mn0c3it",
            "instance_group_id": "cl1jeab4d39nfnuve1fm",
            "instance_template": [
              {
                "boot_disk": [
                  {
                    "size": 30,
                    "type": "network-hdd"
                  }
                ],
                "container_runtime": [
                  {
                    "type": "containerd"
                  }
                ],
                "labels": null,
                "metadata": {
                  "serial-port-enable": "1",
                  "ssh-keys": "ubuntu:ssh-rsa AAAAB3NzaC1yc2EAAAADAQABAAACAQDAQrqhEDvkOhgrnOksf0Q/8iHIafkADpI+dabnPVGrjfEilNcIW+WH0wPDO53nDJqPgKFE9eZ+5CpMEkMX96SoR2fmdmx80qVKGW6/5z9IMtHnzpVkAVtSDguA/JV/bMP4vwov/DsvDN+/FwJ16EwX0t3Q5VgELYw/o6I1u981CCj+VdmjE7xdf8dNI+jvHN+ho59C1TXhUBevluAjB3MhRe+j3pN6slzXgS2Dun99GvNjPVD14V6piA2V7Cb88haJ7SfzvOV7CrZfsjFZ0Q4eEKy9F3aNUiL7q0DqrFpoXCfpqM1I9D7Kt1b02UjOemAmYrmLCo/chA524gYvf1L6APuCC05u+bV7YCKiQTugVE17oFDzTu76PQ/qRtvxZGk+p4+DWSluwNQL+6oM1zEjH6anqV7QEFpoKTPU5nAKh6mV3xSNUkiJfc6qnZHKLdAOm4qozEPvx6nYw9pypaVUwK35+L4hTPt/yILerk5FT1fFuMQnOK9S4aOyisLHN2a3FHDenWOUsQszLSzrJxNNvhDqTo/fAXjqcItsUK9v0vDdhwiYydgSItoxsDEvyevySwLTkJugtwuEwVShCSPcWN8fq5FwxEV/4fhJDrOimbE+hV11k3/5JfuHoN92z5ucJgF8QLIfPkBxSjRXXEqVfhqg6JTqTWBx6l4mxE2OWQ==\n"
                },
                "name": "",
                "nat": false,
                "network_acceleration_type": "type_unspecified",
                "network_interface": [
                  {
                    "ipv4": true,
                    "ipv4_dns_records": [],
                    "ipv6": false,
                    "ipv6_dns_records": [],
                    "nat": false,
                    "security_group_ids": null,
                    "subnet_ids": [
                      "e2lg1h1u5e1fk6f4d9cd"
                    ]
                  }
                ],
                "placement_policy": [],
                "platform_id": "standard-v1",
                "resources": [
                  {
                    "core_fraction": 20,
                    "cores": 2,
                    "gpus": 0,
                    "memory": 1
                  }
                ],
                "scheduling_policy": [
                  {
                    "preemptible": false
                  }
                ]
              }
            ],
            "labels": {},
            "maintenance_policy": [
              {
                "auto_repair": true,
                "auto_upgrade": true,
                "maintenance_window": []
              }
            ],
            "name": "k8s-regional-nodes-b",
            "node_labels": null,
            "node_taints": null,
            "scale_policy": [
              {
                "auto_scale": [
                  {
                    "initial": 1,
                    "max": 2,
                    "min": 1
                  }
                ],
                "fixed_scale": []
              }
            ],
            "status": "running",
            "timeouts": null,
            "version": "1.22",
            "version_info": [
              {
                "current_version": "1.22",
                "new_revision_available": false,
                "new_revision_summary": "",
                "version_deprecated": false
              }
            ]
          },
          "sensitive_attributes": [],
          "private": "eyJlMmJmYjczMC1lY2FhLTExZTYtOGY4OC0zNDM2M2JjN2M0YzAiOnsiY3JlYXRlIjozNjAwMDAwMDAwMDAwLCJkZWxldGUiOjEyMDAwMDAwMDAwMDAsInJlYWQiOjYwMDAwMDAwMDAwMCwidXBkYXRlIjozNjAwMDAwMDAwMDAwfX0=",
          "dependencies": [
            "yandex_iam_service_account.k8s-robot",
            "yandex_kms_symmetric_key.my-kms-key",
            "yandex_kubernetes_cluster.k8s-regional-cluster",
            "yandex_resourcemanager_folder_iam_binding.images-puller",
            "yandex_resourcemanager_folder_iam_binding.k8s-clusters-agent",
            "yandex_resourcemanager_folder_iam_binding.vpc-public-admin",
            "yandex_vpc_network.net",
            "yandex_vpc_security_group.k8s-main-sg",
            "yandex_vpc_subnet.public-subnet-a",
            "yandex_vpc_subnet.public-subnet-b",
            "yandex_vpc_subnet.public-subnet-c"
          ]
        }
      ]
    },
    {
      "mode": "managed",
      "type": "yandex_kubernetes_node_group",
      "name": "k8s-regional-nodes-c",
      "provider": "provider[\"registry.terraform.io/yandex-cloud/yandex\"]",
      "instances": [
        {
          "schema_version": 0,
          "attributes": {
            "allocation_policy": [
              {
                "location": [
                  {
                    "subnet_id": "b0cal5v9ibc5npha8sg1",
                    "zone": "ru-central1-c"
                  }
                ]
              }
            ],
            "allowed_unsafe_sysctls": null,
            "cluster_id": "cat3evr1qumeq4fba8c0",
            "created_at": "2023-01-12T17:38:33Z",
            "deploy_policy": [
              {
                "max_expansion": 3,
                "max_unavailable": 0
              }
            ],
            "description": "",
            "id": "catavjh11u1qgu772lot",
            "instance_group_id": "cl1krc36ngr5m2srm5d7",
            "instance_template": [
              {
                "boot_disk": [
                  {
                    "size": 30,
                    "type": "network-hdd"
                  }
                ],
                "container_runtime": [
                  {
                    "type": "containerd"
                  }
                ],
                "labels": null,
                "metadata": {
                  "serial-port-enable": "1",
                  "ssh-keys": "ubuntu:ssh-rsa AAAAB3NzaC1yc2EAAAADAQABAAACAQDAQrqhEDvkOhgrnOksf0Q/8iHIafkADpI+dabnPVGrjfEilNcIW+WH0wPDO53nDJqPgKFE9eZ+5CpMEkMX96SoR2fmdmx80qVKGW6/5z9IMtHnzpVkAVtSDguA/JV/bMP4vwov/DsvDN+/FwJ16EwX0t3Q5VgELYw/o6I1u981CCj+VdmjE7xdf8dNI+jvHN+ho59C1TXhUBevluAjB3MhRe+j3pN6slzXgS2Dun99GvNjPVD14V6piA2V7Cb88haJ7SfzvOV7CrZfsjFZ0Q4eEKy9F3aNUiL7q0DqrFpoXCfpqM1I9D7Kt1b02UjOemAmYrmLCo/chA524gYvf1L6APuCC05u+bV7YCKiQTugVE17oFDzTu76PQ/qRtvxZGk+p4+DWSluwNQL+6oM1zEjH6anqV7QEFpoKTPU5nAKh6mV3xSNUkiJfc6qnZHKLdAOm4qozEPvx6nYw9pypaVUwK35+L4hTPt/yILerk5FT1fFuMQnOK9S4aOyisLHN2a3FHDenWOUsQszLSzrJxNNvhDqTo/fAXjqcItsUK9v0vDdhwiYydgSItoxsDEvyevySwLTkJugtwuEwVShCSPcWN8fq5FwxEV/4fhJDrOimbE+hV11k3/5JfuHoN92z5ucJgF8QLIfPkBxSjRXXEqVfhqg6JTqTWBx6l4mxE2OWQ==\n"
                },
                "name": "",
                "nat": false,
                "network_acceleration_type": "type_unspecified",
                "network_interface": [
                  {
                    "ipv4": true,
                    "ipv4_dns_records": [],
                    "ipv6": false,
                    "ipv6_dns_records": [],
                    "nat": false,
                    "security_group_ids": null,
                    "subnet_ids": [
                      "b0cal5v9ibc5npha8sg1"
                    ]
                  }
                ],
                "placement_policy": [],
                "platform_id": "standard-v1",
                "resources": [
                  {
                    "core_fraction": 20,
                    "cores": 2,
                    "gpus": 0,
                    "memory": 1
                  }
                ],
                "scheduling_policy": [
                  {
                    "preemptible": false
                  }
                ]
              }
            ],
            "labels": {},
            "maintenance_policy": [
              {
                "auto_repair": true,
                "auto_upgrade": true,
                "maintenance_window": []
              }
            ],
            "name": "k8s-regional-nodes-c",
            "node_labels": null,
            "node_taints": null,
            "scale_policy": [
              {
                "auto_scale": [
                  {
                    "initial": 1,
                    "max": 2,
                    "min": 1
                  }
                ],
                "fixed_scale": []
              }
            ],
            "status": "running",
            "timeouts": null,
            "version": "1.22",
            "version_info": [
              {
                "current_version": "1.22",
                "new_revision_available": false,
                "new_revision_summary": "",
                "version_deprecated": false
              }
            ]
          },
          "sensitive_attributes": [],
          "private": "eyJlMmJmYjczMC1lY2FhLTExZTYtOGY4OC0zNDM2M2JjN2M0YzAiOnsiY3JlYXRlIjozNjAwMDAwMDAwMDAwLCJkZWxldGUiOjEyMDAwMDAwMDAwMDAsInJlYWQiOjYwMDAwMDAwMDAwMCwidXBkYXRlIjozNjAwMDAwMDAwMDAwfX0=",
          "dependencies": [
            "yandex_iam_service_account.k8s-robot",
            "yandex_kms_symmetric_key.my-kms-key",
            "yandex_kubernetes_cluster.k8s-regional-cluster",
            "yandex_resourcemanager_folder_iam_binding.images-puller",
            "yandex_resourcemanager_folder_iam_binding.k8s-clusters-agent",
            "yandex_resourcemanager_folder_iam_binding.vpc-public-admin",
            "yandex_vpc_network.net",
            "yandex_vpc_security_group.k8s-main-sg",
            "yandex_vpc_subnet.public-subnet-a",
            "yandex_vpc_subnet.public-subnet-b",
            "yandex_vpc_subnet.public-subnet-c"
          ]
        }
      ]
    },
    {
      "mode": "managed",
      "type": "yandex_mdb_mysql_cluster",
      "name": "mysql-cluster",
      "provider": "provider[\"registry.terraform.io/yandex-cloud/yandex\"]",
      "instances": [
        {
          "schema_version": 0,
          "attributes": {
            "access": [
              {
                "data_lens": false,
                "data_transfer": false,
                "web_sql": false
              }
            ],
            "allow_regeneration_host": false,
            "backup_retain_period_days": 7,
            "backup_window_start": [
              {
                "hours": 23,
                "minutes": 59
              }
            ],
            "created_at": "2023-01-12T17:33:37Z",
            "database": [],
            "deletion_protection": true,
            "description": "",
            "environment": "PRESTABLE",
            "folder_id": "b1g27gpcstr1l1bi3a22",
            "health": "HEALTH_UNKNOWN",
            "host": [
              {
                "assign_public_ip": false,
                "backup_priority": 0,
                "fqdn": "rc1a-s9i4v66ozrjysz8r.mdb.yandexcloud.net",
                "name": "",
                "priority": 0,
                "replication_source": "",
                "replication_source_name": "",
                "subnet_id": "e9bo9sivs6do2grcq129",
                "zone": "ru-central1-a"
              },
              {
                "assign_public_ip": false,
                "backup_priority": 0,
                "fqdn": "rc1b-8xfj21e2awhvhzxw.mdb.yandexcloud.net",
                "name": "",
                "priority": 0,
                "replication_source": "",
                "replication_source_name": "",
                "subnet_id": "e2l8nhd54e02hn227r1m",
                "zone": "ru-central1-b"
              },
              {
                "assign_public_ip": false,
                "backup_priority": 0,
                "fqdn": "rc1c-p2sln4r2y8mq4s16.mdb.yandexcloud.net",
                "name": "",
                "priority": 0,
                "replication_source": "",
                "replication_source_name": "",
                "subnet_id": "b0ctme5flj818fe04nra",
                "zone": "ru-central1-c"
              }
            ],
            "host_group_ids": [],
            "id": "c9q6kb6o7lqn249pvl5c",
            "labels": null,
            "maintenance_window": [
              {
                "day": "",
                "hour": 0,
                "type": "ANYTIME"
              }
            ],
            "mysql_config": {
              "binlog_transaction_dependency_tracking": "0",
              "log_slow_rate_type": "0",
              "sql_mode": "ONLY_FULL_GROUP_BY,STRICT_TRANS_TABLES,NO_ZERO_IN_DATE,NO_ZERO_DATE,ERROR_FOR_DIVISION_BY_ZERO,NO_ENGINE_SUBSTITUTION"
            },
            "name": "mysql-cluster",
            "network_id": "enpgspu2burkjsf9dnmn",
            "performance_diagnostics": [
              {
                "enabled": false,
                "sessions_sampling_interval": 60,
                "statements_sampling_interval": 600
              }
            ],
            "resources": [
              {
                "disk_size": 20,
                "disk_type_id": "network-hdd",
                "resource_preset_id": "b1.medium"
              }
            ],
            "restore": [],
            "security_group_ids": null,
            "status": "RUNNING",
            "timeouts": null,
            "user": [],
            "version": "8.0"
          },
          "sensitive_attributes": [],
          "private": "eyJlMmJmYjczMC1lY2FhLTExZTYtOGY4OC0zNDM2M2JjN2M0YzAiOnsiY3JlYXRlIjo5MDAwMDAwMDAwMDAsImRlbGV0ZSI6OTAwMDAwMDAwMDAwLCJ1cGRhdGUiOjM2MDAwMDAwMDAwMDB9fQ==",
          "dependencies": [
            "yandex_vpc_gateway.nat-instance",
            "yandex_vpc_network.net",
            "yandex_vpc_route_table.private-to-inet",
            "yandex_vpc_subnet.private-subnet-a",
            "yandex_vpc_subnet.private-subnet-b",
            "yandex_vpc_subnet.private-subnet-c"
          ]
        }
      ]
    },
    {
      "mode": "managed",
      "type": "yandex_mdb_mysql_database",
      "name": "netology_db",
      "provider": "provider[\"registry.terraform.io/yandex-cloud/yandex\"]",
      "instances": [
        {
          "schema_version": 0,
          "attributes": {
            "cluster_id": "c9q6kb6o7lqn249pvl5c",
            "id": "c9q6kb6o7lqn249pvl5c:netology_db",
            "name": "netology_db",
            "timeouts": null
          },
          "sensitive_attributes": [],
          "private": "eyJlMmJmYjczMC1lY2FhLTExZTYtOGY4OC0zNDM2M2JjN2M0YzAiOnsiY3JlYXRlIjo2MDAwMDAwMDAwMDAsImRlbGV0ZSI6NjAwMDAwMDAwMDAwLCJyZWFkIjo2MDAwMDAwMDAwMCwidXBkYXRlIjo2MDAwMDAwMDAwMDB9fQ==",
          "dependencies": [
            "yandex_mdb_mysql_cluster.mysql-cluster",
            "yandex_vpc_gateway.nat-instance",
            "yandex_vpc_network.net",
            "yandex_vpc_route_table.private-to-inet",
            "yandex_vpc_subnet.private-subnet-a",
            "yandex_vpc_subnet.private-subnet-b",
            "yandex_vpc_subnet.private-subnet-c"
          ]
        }
      ]
    },
    {
      "mode": "managed",
      "type": "yandex_mdb_mysql_user",
      "name": "mysqluser",
      "provider": "provider[\"registry.terraform.io/yandex-cloud/yandex\"]",
      "instances": [
        {
          "schema_version": 0,
          "attributes": {
            "authentication_plugin": null,
            "cluster_id": "c9q6kb6o7lqn249pvl5c",
            "connection_limits": [],
            "global_permissions": [],
            "id": "c9q6kb6o7lqn249pvl5c:mysqluser",
            "name": "mysqluser",
            "password": "mysqlpassword",
            "permission": [
              {
                "database_name": "netology_db",
                "roles": [
                  "ALL"
                ]
              }
            ],
            "timeouts": null
          },
          "sensitive_attributes": [],
          "private": "eyJlMmJmYjczMC1lY2FhLTExZTYtOGY4OC0zNDM2M2JjN2M0YzAiOnsiY3JlYXRlIjo2MDAwMDAwMDAwMDAsImRlbGV0ZSI6NjAwMDAwMDAwMDAwLCJyZWFkIjo2MDAwMDAwMDAwMCwidXBkYXRlIjo2MDAwMDAwMDAwMDB9fQ==",
          "dependencies": [
            "yandex_mdb_mysql_cluster.mysql-cluster",
            "yandex_mdb_mysql_database.netology_db",
            "yandex_vpc_gateway.nat-instance",
            "yandex_vpc_network.net",
            "yandex_vpc_route_table.private-to-inet",
            "yandex_vpc_subnet.private-subnet-a",
            "yandex_vpc_subnet.private-subnet-b",
            "yandex_vpc_subnet.private-subnet-c"
          ]
        }
      ]
    },
    {
      "mode": "managed",
      "type": "yandex_resourcemanager_folder_iam_binding",
      "name": "images-puller",
      "provider": "provider[\"registry.terraform.io/yandex-cloud/yandex\"]",
      "instances": [
        {
          "schema_version": 0,
          "attributes": {
            "folder_id": "b1g27gpcstr1l1bi3a22",
            "id": "b1g27gpcstr1l1bi3a22/container-registry.images.puller",
            "members": [
              "serviceAccount:aje2t28obpi65p9kgiea"
            ],
            "role": "container-registry.images.puller",
            "sleep_after": null
          },
          "sensitive_attributes": [],
          "private": "bnVsbA==",
          "dependencies": [
            "yandex_iam_service_account.k8s-robot"
          ]
        }
      ]
    },
    {
      "mode": "managed",
      "type": "yandex_resourcemanager_folder_iam_binding",
      "name": "k8s-clusters-agent",
      "provider": "provider[\"registry.terraform.io/yandex-cloud/yandex\"]",
      "instances": [
        {
          "schema_version": 0,
          "attributes": {
            "folder_id": "b1g27gpcstr1l1bi3a22",
            "id": "b1g27gpcstr1l1bi3a22/k8s.clusters.agent",
            "members": [
              "serviceAccount:aje2t28obpi65p9kgiea"
            ],
            "role": "k8s.clusters.agent",
            "sleep_after": null
          },
          "sensitive_attributes": [],
          "private": "bnVsbA==",
          "dependencies": [
            "yandex_iam_service_account.k8s-robot"
          ]
        }
      ]
    },
    {
      "mode": "managed",
      "type": "yandex_resourcemanager_folder_iam_binding",
      "name": "vpc-public-admin",
      "provider": "provider[\"registry.terraform.io/yandex-cloud/yandex\"]",
      "instances": [
        {
          "schema_version": 0,
          "attributes": {
            "folder_id": "b1g27gpcstr1l1bi3a22",
            "id": "b1g27gpcstr1l1bi3a22/vpc.publicAdmin",
            "members": [
              "serviceAccount:aje2t28obpi65p9kgiea"
            ],
            "role": "vpc.publicAdmin",
            "sleep_after": null
          },
          "sensitive_attributes": [],
          "private": "bnVsbA==",
          "dependencies": [
            "yandex_iam_service_account.k8s-robot"
          ]
        }
      ]
    },
    {
      "mode": "managed",
      "type": "yandex_resourcemanager_folder_iam_member",
      "name": "s3-robot-editor",
      "provider": "provider[\"registry.terraform.io/yandex-cloud/yandex\"]",
      "instances": [
        {
          "schema_version": 0,
          "attributes": {
            "folder_id": "b1g27gpcstr1l1bi3a22",
            "id": "b1g27gpcstr1l1bi3a22/admin/serviceAccount:ajeqi1q9loncpi567c53",
            "member": "serviceAccount:ajeqi1q9loncpi567c53",
            "role": "admin",
            "sleep_after": null
          },
          "sensitive_attributes": [],
          "private": "bnVsbA==",
          "dependencies": [
            "yandex_iam_service_account.s3-robot"
          ]
        }
      ]
    },
    {
      "mode": "managed",
      "type": "yandex_vpc_gateway",
      "name": "nat-instance",
      "provider": "provider[\"registry.terraform.io/yandex-cloud/yandex\"]",
      "instances": [
        {
          "schema_version": 0,
          "attributes": {
            "created_at": "2023-01-12T17:33:28Z",
            "description": "",
            "folder_id": "b1g27gpcstr1l1bi3a22",
            "id": "enpkq1ia1etrgl0i2s8r",
            "labels": {},
            "name": "nat-instance",
            "shared_egress_gateway": [
              {}
            ],
            "timeouts": null
          },
          "sensitive_attributes": [],
          "private": "eyJlMmJmYjczMC1lY2FhLTExZTYtOGY4OC0zNDM2M2JjN2M0YzAiOnsiY3JlYXRlIjo2MDAwMDAwMDAwMCwiZGVsZXRlIjo2MDAwMDAwMDAwMCwidXBkYXRlIjo2MDAwMDAwMDAwMH19"
        }
      ]
    },
    {
      "mode": "managed",
      "type": "yandex_vpc_network",
      "name": "net",
      "provider": "provider[\"registry.terraform.io/yandex-cloud/yandex\"]",
      "instances": [
        {
          "schema_version": 0,
          "attributes": {
            "created_at": "2023-01-12T17:33:28Z",
            "default_security_group_id": "",
            "description": "",
            "folder_id": "b1g27gpcstr1l1bi3a22",
            "id": "enpgspu2burkjsf9dnmn",
            "labels": {},
            "name": "net",
            "subnet_ids": [],
            "timeouts": null
          },
          "sensitive_attributes": [],
          "private": "eyJlMmJmYjczMC1lY2FhLTExZTYtOGY4OC0zNDM2M2JjN2M0YzAiOnsiY3JlYXRlIjo2MDAwMDAwMDAwMCwiZGVsZXRlIjo2MDAwMDAwMDAwMCwidXBkYXRlIjo2MDAwMDAwMDAwMH19"
        }
      ]
    },
    {
      "mode": "managed",
      "type": "yandex_vpc_route_table",
      "name": "private-to-inet",
      "provider": "provider[\"registry.terraform.io/yandex-cloud/yandex\"]",
      "instances": [
        {
          "schema_version": 0,
          "attributes": {
            "created_at": "2023-01-12T17:33:30Z",
            "description": "",
            "folder_id": "b1g27gpcstr1l1bi3a22",
            "id": "enp7kuu7f923upha7pmn",
            "labels": {},
            "name": "private-inet",
            "network_id": "enpgspu2burkjsf9dnmn",
            "static_route": [
              {
                "destination_prefix": "0.0.0.0/0",
                "gateway_id": "enpkq1ia1etrgl0i2s8r",
                "next_hop_address": ""
              }
            ],
            "timeouts": null
          },
          "sensitive_attributes": [],
          "private": "eyJlMmJmYjczMC1lY2FhLTExZTYtOGY4OC0zNDM2M2JjN2M0YzAiOnsiY3JlYXRlIjoxODAwMDAwMDAwMDAsImRlbGV0ZSI6MTgwMDAwMDAwMDAwLCJ1cGRhdGUiOjE4MDAwMDAwMDAwMH19",
          "dependencies": [
            "yandex_vpc_gateway.nat-instance",
            "yandex_vpc_network.net"
          ]
        }
      ]
    },
    {
      "mode": "managed",
      "type": "yandex_vpc_security_group",
      "name": "k8s-main-sg",
      "provider": "provider[\"registry.terraform.io/yandex-cloud/yandex\"]",
      "instances": [
        {
          "schema_version": 0,
          "attributes": {
            "created_at": "2023-01-12T17:33:32Z",
            "description": "Правила группы обеспечивают базовую работоспособность кластера. Примените ее к кластеру и группам узлов.",
            "egress": [
              {
                "description": "Правило разрешает весь исходящий трафик. Узлы могут связаться с Yandex Container Registry, Yandex Object Storage, Docker Hub и т. д.",
                "from_port": 0,
                "id": "enpqfqtkhs63tmdrhcre",
                "labels": {},
                "port": -1,
                "predefined_target": "",
                "protocol": "ANY",
                "security_group_id": "",
                "to_port": 65535,
                "v4_cidr_blocks": [
                  "0.0.0.0/0"
                ],
                "v6_cidr_blocks": []
              }
            ],
            "folder_id": "b1g27gpcstr1l1bi3a22",
            "id": "enpl0ifqfos7n2naqa4o",
            "ingress": [
              {
                "description": "Правило разрешает взаимодействие мастер-узел и узел-узел внутри группы безопасности.",
                "from_port": 0,
                "id": "enpposuvrpcotv7mpvve",
                "labels": {},
                "port": -1,
                "predefined_target": "self_security_group",
                "protocol": "ANY",
                "security_group_id": "",
                "to_port": 65535,
                "v4_cidr_blocks": [],
                "v6_cidr_blocks": []
              },
              {
                "description": "Правило разрешает взаимодействие под-под и сервис-сервис. Укажите подсети вашего кластера и сервисов.",
                "from_port": 0,
                "id": "enpaqhklv3ihnfkfrmtj",
                "labels": {},
                "port": -1,
                "predefined_target": "",
                "protocol": "ANY",
                "security_group_id": "",
                "to_port": 65535,
                "v4_cidr_blocks": [
                  "192.168.10.0/24",
                  "192.168.11.0/24",
                  "192.168.12.0/24"
                ],
                "v6_cidr_blocks": []
              },
              {
                "description": "Правило разрешает входящий трафик из интернета на диапазон портов NodePort. Добавьте или измените порты на нужные вам.",
                "from_port": 30000,
                "id": "enpvdebj2qeq176ipbvv",
                "labels": {},
                "port": -1,
                "predefined_target": "",
                "protocol": "TCP",
                "security_group_id": "",
                "to_port": 32767,
                "v4_cidr_blocks": [
                  "0.0.0.0/0"
                ],
                "v6_cidr_blocks": []
              },
              {
                "description": "Правило разрешает отладочные ICMP-пакеты из внутренних подсетей.",
                "from_port": -1,
                "id": "enp4dqje97rdgtshfbg6",
                "labels": {},
                "port": -1,
                "predefined_target": "",
                "protocol": "ICMP",
                "security_group_id": "",
                "to_port": -1,
                "v4_cidr_blocks": [
                  "10.0.0.0/8",
                  "172.16.0.0/12",
                  "192.168.0.0/16"
                ],
                "v6_cidr_blocks": []
              },
              {
                "description": "Правило разрешает проверки доступности с диапазона адресов балансировщика нагрузки. Нужно для работы отказоустойчивого кластера и сервисов балансировщика.",
                "from_port": 0,
                "id": "enpf38fcqgo6s5mk8vbm",
                "labels": {},
                "port": -1,
                "predefined_target": "loadbalancer_healthchecks",
                "protocol": "TCP",
                "security_group_id": "",
                "to_port": 65535,
                "v4_cidr_blocks": [],
                "v6_cidr_blocks": []
              },
              {
                "description": "Правило разрешает",
                "from_port": -1,
                "id": "enpu36i9ok8ck9nglpsn",
                "labels": {},
                "port": 443,
                "predefined_target": "",
                "protocol": "TCP",
                "security_group_id": "",
                "to_port": -1,
                "v4_cidr_blocks": [
                  "0.0.0.0/0"
                ],
                "v6_cidr_blocks": []
              }
            ],
            "labels": {},
            "name": "k8s-main-sg",
            "network_id": "enpgspu2burkjsf9dnmn",
            "status": "ACTIVE",
            "timeouts": null
          },
          "sensitive_attributes": [],
          "private": "eyJlMmJmYjczMC1lY2FhLTExZTYtOGY4OC0zNDM2M2JjN2M0YzAiOnsiY3JlYXRlIjoxODAwMDAwMDAwMDAsImRlbGV0ZSI6MTgwMDAwMDAwMDAwLCJ1cGRhdGUiOjE4MDAwMDAwMDAwMH19",
          "dependencies": [
            "yandex_vpc_network.net",
            "yandex_vpc_subnet.public-subnet-a",
            "yandex_vpc_subnet.public-subnet-b",
            "yandex_vpc_subnet.public-subnet-c"
          ]
        }
      ]
    },
    {
      "mode": "managed",
      "type": "yandex_vpc_subnet",
      "name": "private-subnet-a",
      "provider": "provider[\"registry.terraform.io/yandex-cloud/yandex\"]",
      "instances": [
        {
          "schema_version": 0,
          "attributes": {
            "created_at": "2023-01-12T17:33:34Z",
            "description": "",
            "dhcp_options": [],
            "folder_id": "b1g27gpcstr1l1bi3a22",
            "id": "e9bo9sivs6do2grcq129",
            "labels": {},
            "name": "private-a",
            "network_id": "enpgspu2burkjsf9dnmn",
            "route_table_id": "enp7kuu7f923upha7pmn",
            "timeouts": null,
            "v4_cidr_blocks": [
              "192.168.20.0/24"
            ],
            "v6_cidr_blocks": [],
            "zone": "ru-central1-a"
          },
          "sensitive_attributes": [],
          "private": "eyJlMmJmYjczMC1lY2FhLTExZTYtOGY4OC0zNDM2M2JjN2M0YzAiOnsiY3JlYXRlIjoxODAwMDAwMDAwMDAsImRlbGV0ZSI6MTgwMDAwMDAwMDAwLCJ1cGRhdGUiOjE4MDAwMDAwMDAwMH19",
          "dependencies": [
            "yandex_vpc_gateway.nat-instance",
            "yandex_vpc_network.net",
            "yandex_vpc_route_table.private-to-inet"
          ]
        }
      ]
    },
    {
      "mode": "managed",
      "type": "yandex_vpc_subnet",
      "name": "private-subnet-b",
      "provider": "provider[\"registry.terraform.io/yandex-cloud/yandex\"]",
      "instances": [
        {
          "schema_version": 0,
          "attributes": {
            "created_at": "2023-01-12T17:33:35Z",
            "description": "",
            "dhcp_options": [],
            "folder_id": "b1g27gpcstr1l1bi3a22",
            "id": "e2l8nhd54e02hn227r1m",
            "labels": {},
            "name": "private-b",
            "network_id": "enpgspu2burkjsf9dnmn",
            "route_table_id": "enp7kuu7f923upha7pmn",
            "timeouts": null,
            "v4_cidr_blocks": [
              "192.168.21.0/24"
            ],
            "v6_cidr_blocks": [],
            "zone": "ru-central1-b"
          },
          "sensitive_attributes": [],
          "private": "eyJlMmJmYjczMC1lY2FhLTExZTYtOGY4OC0zNDM2M2JjN2M0YzAiOnsiY3JlYXRlIjoxODAwMDAwMDAwMDAsImRlbGV0ZSI6MTgwMDAwMDAwMDAwLCJ1cGRhdGUiOjE4MDAwMDAwMDAwMH19",
          "dependencies": [
            "yandex_vpc_gateway.nat-instance",
            "yandex_vpc_network.net",
            "yandex_vpc_route_table.private-to-inet"
          ]
        }
      ]
    },
    {
      "mode": "managed",
      "type": "yandex_vpc_subnet",
      "name": "private-subnet-c",
      "provider": "provider[\"registry.terraform.io/yandex-cloud/yandex\"]",
      "instances": [
        {
          "schema_version": 0,
          "attributes": {
            "created_at": "2023-01-12T17:33:36Z",
            "description": "",
            "dhcp_options": [],
            "folder_id": "b1g27gpcstr1l1bi3a22",
            "id": "b0ctme5flj818fe04nra",
            "labels": {},
            "name": "private-c",
            "network_id": "enpgspu2burkjsf9dnmn",
            "route_table_id": "enp7kuu7f923upha7pmn",
            "timeouts": null,
            "v4_cidr_blocks": [
              "192.168.22.0/24"
            ],
            "v6_cidr_blocks": [],
            "zone": "ru-central1-c"
          },
          "sensitive_attributes": [],
          "private": "eyJlMmJmYjczMC1lY2FhLTExZTYtOGY4OC0zNDM2M2JjN2M0YzAiOnsiY3JlYXRlIjoxODAwMDAwMDAwMDAsImRlbGV0ZSI6MTgwMDAwMDAwMDAwLCJ1cGRhdGUiOjE4MDAwMDAwMDAwMH19",
          "dependencies": [
            "yandex_vpc_gateway.nat-instance",
            "yandex_vpc_network.net",
            "yandex_vpc_route_table.private-to-inet"
          ]
        }
      ]
    },
    {
      "mode": "managed",
      "type": "yandex_vpc_subnet",
      "name": "public-subnet-a",
      "provider": "provider[\"registry.terraform.io/yandex-cloud/yandex\"]",
      "instances": [
        {
          "schema_version": 0,
          "attributes": {
            "created_at": "2023-01-12T17:33:30Z",
            "description": "",
            "dhcp_options": [],
            "folder_id": "b1g27gpcstr1l1bi3a22",
            "id": "e9bicusudfeheqe424pc",
            "labels": {},
            "name": "public-a",
            "network_id": "enpgspu2burkjsf9dnmn",
            "route_table_id": "",
            "timeouts": null,
            "v4_cidr_blocks": [
              "192.168.10.0/24"
            ],
            "v6_cidr_blocks": [],
            "zone": "ru-central1-a"
          },
          "sensitive_attributes": [],
          "private": "eyJlMmJmYjczMC1lY2FhLTExZTYtOGY4OC0zNDM2M2JjN2M0YzAiOnsiY3JlYXRlIjoxODAwMDAwMDAwMDAsImRlbGV0ZSI6MTgwMDAwMDAwMDAwLCJ1cGRhdGUiOjE4MDAwMDAwMDAwMH19",
          "dependencies": [
            "yandex_vpc_network.net"
          ]
        }
      ]
    },
    {
      "mode": "managed",
      "type": "yandex_vpc_subnet",
      "name": "public-subnet-b",
      "provider": "provider[\"registry.terraform.io/yandex-cloud/yandex\"]",
      "instances": [
        {
          "schema_version": 0,
          "attributes": {
            "created_at": "2023-01-12T17:33:28Z",
            "description": "",
            "dhcp_options": [],
            "folder_id": "b1g27gpcstr1l1bi3a22",
            "id": "e2lg1h1u5e1fk6f4d9cd",
            "labels": {},
            "name": "public-b",
            "network_id": "enpgspu2burkjsf9dnmn",
            "route_table_id": "",
            "timeouts": null,
            "v4_cidr_blocks": [
              "192.168.11.0/24"
            ],
            "v6_cidr_blocks": [],
            "zone": "ru-central1-b"
          },
          "sensitive_attributes": [],
          "private": "eyJlMmJmYjczMC1lY2FhLTExZTYtOGY4OC0zNDM2M2JjN2M0YzAiOnsiY3JlYXRlIjoxODAwMDAwMDAwMDAsImRlbGV0ZSI6MTgwMDAwMDAwMDAwLCJ1cGRhdGUiOjE4MDAwMDAwMDAwMH19",
          "dependencies": [
            "yandex_vpc_network.net"
          ]
        }
      ]
    },
    {
      "mode": "managed",
      "type": "yandex_vpc_subnet",
      "name": "public-subnet-c",
      "provider": "provider[\"registry.terraform.io/yandex-cloud/yandex\"]",
      "instances": [
        {
          "schema_version": 0,
          "attributes": {
            "created_at": "2023-01-12T17:33:29Z",
            "description": "",
            "dhcp_options": [],
            "folder_id": "b1g27gpcstr1l1bi3a22",
            "id": "b0cal5v9ibc5npha8sg1",
            "labels": {},
            "name": "public-c",
            "network_id": "enpgspu2burkjsf9dnmn",
            "route_table_id": "",
            "timeouts": null,
            "v4_cidr_blocks": [
              "192.168.12.0/24"
            ],
            "v6_cidr_blocks": [],
            "zone": "ru-central1-c"
          },
          "sensitive_attributes": [],
          "private": "eyJlMmJmYjczMC1lY2FhLTExZTYtOGY4OC0zNDM2M2JjN2M0YzAiOnsiY3JlYXRlIjoxODAwMDAwMDAwMDAsImRlbGV0ZSI6MTgwMDAwMDAwMDAwLCJ1cGRhdGUiOjE4MDAwMDAwMDAwMH19",
          "dependencies": [
            "yandex_vpc_network.net"
          ]
        }
      ]
    }
  ],
  "check_results": null
}
