{
  "version": 4,
  "terraform_version": "1.1.3",
  "serial": 40,
  "lineage": "72ccc349-8dab-6a2e-b8ce-95ea9a2e9e4a",
  "outputs": {
    "external_ip_address_node01_yandex_cloud": {
      "value": "130.193.49.32",
      "type": "string"
    },
    "internal_ip_address_node01_yandex_cloud": {
      "value": "192.168.101.31",
      "type": "string"
    }
  },
  "resources": [
    {
      "mode": "managed",
      "type": "yandex_compute_instance",
      "name": "node01",
      "provider": "provider[\"registry.terraform.io/yandex-cloud/yandex\"]",
      "instances": [
        {
          "schema_version": 1,
          "attributes": {
            "allow_stopping_for_update": true,
            "boot_disk": [
              {
                "auto_delete": true,
                "device_name": "fhmo05343g79i2bm0dsi",
                "disk_id": "fhmo05343g79i2bm0dsi",
                "initialize_params": [
                  {
                    "block_size": 4096,
                    "description": "",
                    "image_id": "fd8nd03mhk3bbmfd51uc",
                    "name": "root-node01",
                    "size": 50,
                    "snapshot_id": "",
                    "type": "network-ssd"
                  }
                ],
                "mode": "READ_WRITE"
              }
            ],
            "created_at": "2022-02-03T10:39:15Z",
            "description": "",
            "folder_id": "b1g27gpcstr1l1bi3a22",
            "fqdn": "node01.netology.cloud",
            "hostname": "node01",
            "id": "fhmdsqiu0k5eu0hinq4j",
            "labels": null,
            "metadata": {
              "ssh-keys": "centos:ssh-rsa AAAAB3NzaC1yc2EAAAADAQABAAACAQDAQrqhEDvkOhgrnOksf0Q/8iHIafkADpI+dabnPVGrjfEilNcIW+WH0wPDO53nDJqPgKFE9eZ+5CpMEkMX96SoR2fmdmx80qVKGW6/5z9IMtHnzpVkAVtSDguA/JV/bMP4vwov/DsvDN+/FwJ16EwX0t3Q5VgELYw/o6I1u981CCj+VdmjE7xdf8dNI+jvHN+ho59C1TXhUBevluAjB3MhRe+j3pN6slzXgS2Dun99GvNjPVD14V6piA2V7Cb88haJ7SfzvOV7CrZfsjFZ0Q4eEKy9F3aNUiL7q0DqrFpoXCfpqM1I9D7Kt1b02UjOemAmYrmLCo/chA524gYvf1L6APuCC05u+bV7YCKiQTugVE17oFDzTu76PQ/qRtvxZGk+p4+DWSluwNQL+6oM1zEjH6anqV7QEFpoKTPU5nAKh6mV3xSNUkiJfc6qnZHKLdAOm4qozEPvx6nYw9pypaVUwK35+L4hTPt/yILerk5FT1fFuMQnOK9S4aOyisLHN2a3FHDenWOUsQszLSzrJxNNvhDqTo/fAXjqcItsUK9v0vDdhwiYydgSItoxsDEvyevySwLTkJugtwuEwVShCSPcWN8fq5FwxEV/4fhJDrOimbE+hV11k3/5JfuHoN92z5ucJgF8QLIfPkBxSjRXXEqVfhqg6JTqTWBx6l4mxE2OWQ==\n"
            },
            "name": "node01",
            "network_acceleration_type": "standard",
            "network_interface": [
              {
                "dns_record": [],
                "index": 0,
                "ip_address": "192.168.101.31",
                "ipv4": true,
                "ipv6": false,
                "ipv6_address": "",
                "ipv6_dns_record": [],
                "mac_address": "d0:0d:de:6a:5e:05",
                "nat": true,
                "nat_dns_record": [],
                "nat_ip_address": "130.193.49.32",
                "nat_ip_version": "IPV4",
                "security_group_ids": [],
                "subnet_id": "e9bp4vgvi1h2pu5a7gpj"
              }
            ],
            "placement_policy": [
              {
                "placement_group_id": ""
              }
            ],
            "platform_id": "standard-v1",
            "resources": [
              {
                "core_fraction": 100,
                "cores": 8,
                "gpus": 0,
                "memory": 8
              }
            ],
            "scheduling_policy": [
              {
                "preemptible": false
              }
            ],
            "secondary_disk": [],
            "service_account_id": "",
            "status": "running",
            "timeouts": null,
            "zone": "ru-central1-a"
          },
          "sensitive_attributes": [],
          "private": "eyJlMmJmYjczMC1lY2FhLTExZTYtOGY4OC0zNDM2M2JjN2M0YzAiOnsiY3JlYXRlIjozMDAwMDAwMDAwMDAsImRlbGV0ZSI6MzAwMDAwMDAwMDAwLCJ1cGRhdGUiOjMwMDAwMDAwMDAwMH0sInNjaGVtYV92ZXJzaW9uIjoiMSJ9",
          "dependencies": [
            "yandex_vpc_network.default",
            "yandex_vpc_subnet.default"
          ]
        }
      ]
    },
    {
      "mode": "managed",
      "type": "yandex_compute_instance",
      "name": "node02",
      "provider": "provider[\"registry.terraform.io/yandex-cloud/yandex\"]",
      "instances": [
        {
          "schema_version": 1,
          "attributes": {
            "allow_stopping_for_update": true,
            "boot_disk": [
              {
                "auto_delete": true,
                "device_name": "fhmgs0s9bbb77siue48f",
                "disk_id": "fhmgs0s9bbb77siue48f",
                "initialize_params": [
                  {
                    "block_size": 4096,
                    "description": "",
                    "image_id": "fd8nd03mhk3bbmfd51uc",
                    "name": "root-node02",
                    "size": 20,
                    "snapshot_id": "",
                    "type": "network-hdd"
                  }
                ],
                "mode": "READ_WRITE"
              }
            ],
            "created_at": "2022-02-03T10:39:15Z",
            "description": "",
            "folder_id": "b1g27gpcstr1l1bi3a22",
            "fqdn": "node02.netology.cloud",
            "hostname": "node02",
            "id": "fhmb2h70gaaq184ee8s3",
            "labels": null,
            "metadata": {
              "ssh-keys": "centos:ssh-rsa AAAAB3NzaC1yc2EAAAADAQABAAACAQDAQrqhEDvkOhgrnOksf0Q/8iHIafkADpI+dabnPVGrjfEilNcIW+WH0wPDO53nDJqPgKFE9eZ+5CpMEkMX96SoR2fmdmx80qVKGW6/5z9IMtHnzpVkAVtSDguA/JV/bMP4vwov/DsvDN+/FwJ16EwX0t3Q5VgELYw/o6I1u981CCj+VdmjE7xdf8dNI+jvHN+ho59C1TXhUBevluAjB3MhRe+j3pN6slzXgS2Dun99GvNjPVD14V6piA2V7Cb88haJ7SfzvOV7CrZfsjFZ0Q4eEKy9F3aNUiL7q0DqrFpoXCfpqM1I9D7Kt1b02UjOemAmYrmLCo/chA524gYvf1L6APuCC05u+bV7YCKiQTugVE17oFDzTu76PQ/qRtvxZGk+p4+DWSluwNQL+6oM1zEjH6anqV7QEFpoKTPU5nAKh6mV3xSNUkiJfc6qnZHKLdAOm4qozEPvx6nYw9pypaVUwK35+L4hTPt/yILerk5FT1fFuMQnOK9S4aOyisLHN2a3FHDenWOUsQszLSzrJxNNvhDqTo/fAXjqcItsUK9v0vDdhwiYydgSItoxsDEvyevySwLTkJugtwuEwVShCSPcWN8fq5FwxEV/4fhJDrOimbE+hV11k3/5JfuHoN92z5ucJgF8QLIfPkBxSjRXXEqVfhqg6JTqTWBx6l4mxE2OWQ==\n"
            },
            "name": "node02",
            "network_acceleration_type": "standard",
            "network_interface": [
              {
                "dns_record": [],
                "index": 0,
                "ip_address": "192.168.101.18",
                "ipv4": true,
                "ipv6": false,
                "ipv6_address": "",
                "ipv6_dns_record": [],
                "mac_address": "d0:0d:b1:44:e0:82",
                "nat": true,
                "nat_dns_record": [],
                "nat_ip_address": "130.193.48.143",
                "nat_ip_version": "IPV4",
                "security_group_ids": [],
                "subnet_id": "e9bp4vgvi1h2pu5a7gpj"
              }
            ],
            "placement_policy": [
              {
                "placement_group_id": ""
              }
            ],
            "platform_id": "standard-v1",
            "resources": [
              {
                "core_fraction": 100,
                "cores": 2,
                "gpus": 0,
                "memory": 2
              }
            ],
            "scheduling_policy": [
              {
                "preemptible": false
              }
            ],
            "secondary_disk": [],
            "service_account_id": "",
            "status": "running",
            "timeouts": null,
            "zone": "ru-central1-a"
          },
          "sensitive_attributes": [],
          "private": "eyJlMmJmYjczMC1lY2FhLTExZTYtOGY4OC0zNDM2M2JjN2M0YzAiOnsiY3JlYXRlIjozMDAwMDAwMDAwMDAsImRlbGV0ZSI6MzAwMDAwMDAwMDAwLCJ1cGRhdGUiOjMwMDAwMDAwMDAwMH0sInNjaGVtYV92ZXJzaW9uIjoiMSJ9",
          "dependencies": [
            "yandex_vpc_network.default",
            "yandex_vpc_subnet.default"
          ]
        }
      ]
    },
    {
      "mode": "managed",
      "type": "yandex_vpc_network",
      "name": "default",
      "provider": "provider[\"registry.terraform.io/yandex-cloud/yandex\"]",
      "instances": [
        {
          "schema_version": 0,
          "attributes": {
            "created_at": "2022-02-03T10:39:13Z",
            "default_security_group_id": "",
            "description": "",
            "folder_id": "b1g27gpcstr1l1bi3a22",
            "id": "enpfjs01qdontoe3k8hc",
            "labels": {},
            "name": "net",
            "subnet_ids": [],
            "timeouts": null
          },
          "sensitive_attributes": [],
          "private": "eyJlMmJmYjczMC1lY2FhLTExZTYtOGY4OC0zNDM2M2JjN2M0YzAiOnsiY3JlYXRlIjo2MDAwMDAwMDAwMCwiZGVsZXRlIjo2MDAwMDAwMDAwMCwidXBkYXRlIjo2MDAwMDAwMDAwMH19"
        }
      ]
    },
    {
      "mode": "managed",
      "type": "yandex_vpc_subnet",
      "name": "default",
      "provider": "provider[\"registry.terraform.io/yandex-cloud/yandex\"]",
      "instances": [
        {
          "schema_version": 0,
          "attributes": {
            "created_at": "2022-02-03T10:39:14Z",
            "description": "",
            "dhcp_options": [],
            "folder_id": "b1g27gpcstr1l1bi3a22",
            "id": "e9bp4vgvi1h2pu5a7gpj",
            "labels": {},
            "name": "subnet",
            "network_id": "enpfjs01qdontoe3k8hc",
            "route_table_id": "",
            "timeouts": null,
            "v4_cidr_blocks": [
              "192.168.101.0/24"
            ],
            "v6_cidr_blocks": [],
            "zone": "ru-central1-a"
          },
          "sensitive_attributes": [],
          "private": "eyJlMmJmYjczMC1lY2FhLTExZTYtOGY4OC0zNDM2M2JjN2M0YzAiOnsiY3JlYXRlIjoxODAwMDAwMDAwMDAsImRlbGV0ZSI6MTgwMDAwMDAwMDAwLCJ1cGRhdGUiOjE4MDAwMDAwMDAwMH19",
          "dependencies": [
            "yandex_vpc_network.default"
          ]
        }
      ]
    }
  ]
}
